
Microsoft Visual Studio Solution File, Format Version 12.00
# Visual Studio Version 16
VisualStudioVersion = 16.0.30711.63
MinimumVisualStudioVersion = 10.0.40219.1
Project("{FAE04EC0-301F-11D3-BF4B-00C04F79EFBC}") = "l1t4", "l1t4.csproj", "{1A3D53FE-591F-49A2-B431-A6F3A4638242}"
EndProject
Global
	GlobalSection(SolutionConfigurationPlatforms) = preSolution
		Debug|Any CPU = Debug|Any CPU
		Release|Any CPU = Release|Any CPU
	EndGlobalSection
	GlobalSection(ProjectConfigurationPlatforms) = postSolution
		{1A3D53FE-591F-49A2-B431-A6F3A4638242}.Debug|Any CPU.ActiveCfg = Debug|Any CPU
		{1A3D53FE-591F-49A2-B431-A6F3A4638242}.Debug|Any CPU.Build.0 = Debug|Any CPU
		{1A3D53FE-591F-49A2-B431-A6F3A4638242}.Release|Any CPU.ActiveCfg = Release|Any CPU
		{1A3D53FE-591F-49A2-B431-A6F3A4638242}.Release|Any CPU.Build.0 = Release|Any CPU
	EndGlobalSection
	GlobalSection(SolutionProperties) = preSolution
		HideSolutionNode = FALSE
	EndGlobalSection
	GlobalSection(ExtensibilityGlobals) = postSolution
		SolutionGuid = {12FBA823-AAB1-43C8-8FE8-A715996EB05C}
	EndGlobalSection
EndGlobal
