
Microsoft Visual Studio Solution File, Format Version 12.00
# Visual Studio Version 16
VisualStudioVersion = 16.0.30717.126
MinimumVisualStudioVersion = 10.0.40219.1
Project("{FAE04EC0-301F-11D3-BF4B-00C04F79EFBC}") = "l10t6", "l10t6.csproj", "{F29012B9-1140-4383-A406-36E725B02EB8}"
EndProject
Global
	GlobalSection(SolutionConfigurationPlatforms) = preSolution
		Debug|Any CPU = Debug|Any CPU
		Release|Any CPU = Release|Any CPU
	EndGlobalSection
	GlobalSection(ProjectConfigurationPlatforms) = postSolution
		{F29012B9-1140-4383-A406-36E725B02EB8}.Debug|Any CPU.ActiveCfg = Debug|Any CPU
		{F29012B9-1140-4383-A406-36E725B02EB8}.Debug|Any CPU.Build.0 = Debug|Any CPU
		{F29012B9-1140-4383-A406-36E725B02EB8}.Release|Any CPU.ActiveCfg = Release|Any CPU
		{F29012B9-1140-4383-A406-36E725B02EB8}.Release|Any CPU.Build.0 = Release|Any CPU
	EndGlobalSection
	GlobalSection(SolutionProperties) = preSolution
		HideSolutionNode = FALSE
	EndGlobalSection
	GlobalSection(ExtensibilityGlobals) = postSolution
		SolutionGuid = {2C9009BB-045F-43F5-A76A-0D3BDB3BA786}
	EndGlobalSection
EndGlobal
