
Microsoft Visual Studio Solution File, Format Version 12.00
# Visual Studio Version 16
VisualStudioVersion = 16.0.30717.126
MinimumVisualStudioVersion = 10.0.40219.1
Project("{FAE04EC0-301F-11D3-BF4B-00C04F79EFBC}") = "l6t11", "l6t11.csproj", "{C24A851A-9EAE-444C-8E7F-25F9D68332EF}"
EndProject
Global
	GlobalSection(SolutionConfigurationPlatforms) = preSolution
		Debug|Any CPU = Debug|Any CPU
		Release|Any CPU = Release|Any CPU
	EndGlobalSection
	GlobalSection(ProjectConfigurationPlatforms) = postSolution
		{C24A851A-9EAE-444C-8E7F-25F9D68332EF}.Debug|Any CPU.ActiveCfg = Debug|Any CPU
		{C24A851A-9EAE-444C-8E7F-25F9D68332EF}.Debug|Any CPU.Build.0 = Debug|Any CPU
		{C24A851A-9EAE-444C-8E7F-25F9D68332EF}.Release|Any CPU.ActiveCfg = Release|Any CPU
		{C24A851A-9EAE-444C-8E7F-25F9D68332EF}.Release|Any CPU.Build.0 = Release|Any CPU
	EndGlobalSection
	GlobalSection(SolutionProperties) = preSolution
		HideSolutionNode = FALSE
	EndGlobalSection
	GlobalSection(ExtensibilityGlobals) = postSolution
		SolutionGuid = {5E30743F-FDF9-4330-93C5-895D562B993F}
	EndGlobalSection
EndGlobal
