
Microsoft Visual Studio Solution File, Format Version 12.00
# Visual Studio Version 16
VisualStudioVersion = 16.0.30717.126
MinimumVisualStudioVersion = 10.0.40219.1
Project("{FAE04EC0-301F-11D3-BF4B-00C04F79EFBC}") = "l5t7", "l5t7.csproj", "{E68770AB-C733-4707-BAA9-B86C81F30770}"
EndProject
Global
	GlobalSection(SolutionConfigurationPlatforms) = preSolution
		Debug|Any CPU = Debug|Any CPU
		Release|Any CPU = Release|Any CPU
	EndGlobalSection
	GlobalSection(ProjectConfigurationPlatforms) = postSolution
		{E68770AB-C733-4707-BAA9-B86C81F30770}.Debug|Any CPU.ActiveCfg = Debug|Any CPU
		{E68770AB-C733-4707-BAA9-B86C81F30770}.Debug|Any CPU.Build.0 = Debug|Any CPU
		{E68770AB-C733-4707-BAA9-B86C81F30770}.Release|Any CPU.ActiveCfg = Release|Any CPU
		{E68770AB-C733-4707-BAA9-B86C81F30770}.Release|Any CPU.Build.0 = Release|Any CPU
	EndGlobalSection
	GlobalSection(SolutionProperties) = preSolution
		HideSolutionNode = FALSE
	EndGlobalSection
	GlobalSection(ExtensibilityGlobals) = postSolution
		SolutionGuid = {6CEEA3AB-9A63-4E5A-94F3-2D3D7E59127C}
	EndGlobalSection
EndGlobal
