
Microsoft Visual Studio Solution File, Format Version 12.00
# Visual Studio Version 16
VisualStudioVersion = 16.0.30711.63
MinimumVisualStudioVersion = 10.0.40219.1
Project("{FAE04EC0-301F-11D3-BF4B-00C04F79EFBC}") = "l2t4", "l2t4.csproj", "{38373EEC-2A2A-4179-91FA-039E9B4597C8}"
EndProject
Global
	GlobalSection(SolutionConfigurationPlatforms) = preSolution
		Debug|Any CPU = Debug|Any CPU
		Release|Any CPU = Release|Any CPU
	EndGlobalSection
	GlobalSection(ProjectConfigurationPlatforms) = postSolution
		{38373EEC-2A2A-4179-91FA-039E9B4597C8}.Debug|Any CPU.ActiveCfg = Debug|Any CPU
		{38373EEC-2A2A-4179-91FA-039E9B4597C8}.Debug|Any CPU.Build.0 = Debug|Any CPU
		{38373EEC-2A2A-4179-91FA-039E9B4597C8}.Release|Any CPU.ActiveCfg = Release|Any CPU
		{38373EEC-2A2A-4179-91FA-039E9B4597C8}.Release|Any CPU.Build.0 = Release|Any CPU
	EndGlobalSection
	GlobalSection(SolutionProperties) = preSolution
		HideSolutionNode = FALSE
	EndGlobalSection
	GlobalSection(ExtensibilityGlobals) = postSolution
		SolutionGuid = {5113E23E-66D6-4BAF-9A44-A83AEB376CA4}
	EndGlobalSection
EndGlobal
