
Microsoft Visual Studio Solution File, Format Version 12.00
# Visual Studio Version 16
VisualStudioVersion = 16.0.30711.63
MinimumVisualStudioVersion = 10.0.40219.1
Project("{FAE04EC0-301F-11D3-BF4B-00C04F79EFBC}") = "l2t15", "l2t15.csproj", "{1D331A93-4C7E-4875-83C8-0EAA3E23C724}"
EndProject
Global
	GlobalSection(SolutionConfigurationPlatforms) = preSolution
		Debug|Any CPU = Debug|Any CPU
		Release|Any CPU = Release|Any CPU
	EndGlobalSection
	GlobalSection(ProjectConfigurationPlatforms) = postSolution
		{1D331A93-4C7E-4875-83C8-0EAA3E23C724}.Debug|Any CPU.ActiveCfg = Debug|Any CPU
		{1D331A93-4C7E-4875-83C8-0EAA3E23C724}.Debug|Any CPU.Build.0 = Debug|Any CPU
		{1D331A93-4C7E-4875-83C8-0EAA3E23C724}.Release|Any CPU.ActiveCfg = Release|Any CPU
		{1D331A93-4C7E-4875-83C8-0EAA3E23C724}.Release|Any CPU.Build.0 = Release|Any CPU
	EndGlobalSection
	GlobalSection(SolutionProperties) = preSolution
		HideSolutionNode = FALSE
	EndGlobalSection
	GlobalSection(ExtensibilityGlobals) = postSolution
		SolutionGuid = {C93D4D67-1CDE-4840-89AC-019F7909712C}
	EndGlobalSection
EndGlobal
