
Microsoft Visual Studio Solution File, Format Version 12.00
# Visual Studio Version 16
VisualStudioVersion = 16.0.30717.126
MinimumVisualStudioVersion = 10.0.40219.1
Project("{FAE04EC0-301F-11D3-BF4B-00C04F79EFBC}") = "l4t4", "l4t4.csproj", "{C85C3F6D-AF71-49FD-AA3C-76DDFF2BB0AA}"
EndProject
Global
	GlobalSection(SolutionConfigurationPlatforms) = preSolution
		Debug|Any CPU = Debug|Any CPU
		Release|Any CPU = Release|Any CPU
	EndGlobalSection
	GlobalSection(ProjectConfigurationPlatforms) = postSolution
		{C85C3F6D-AF71-49FD-AA3C-76DDFF2BB0AA}.Debug|Any CPU.ActiveCfg = Debug|Any CPU
		{C85C3F6D-AF71-49FD-AA3C-76DDFF2BB0AA}.Debug|Any CPU.Build.0 = Debug|Any CPU
		{C85C3F6D-AF71-49FD-AA3C-76DDFF2BB0AA}.Release|Any CPU.ActiveCfg = Release|Any CPU
		{C85C3F6D-AF71-49FD-AA3C-76DDFF2BB0AA}.Release|Any CPU.Build.0 = Release|Any CPU
	EndGlobalSection
	GlobalSection(SolutionProperties) = preSolution
		HideSolutionNode = FALSE
	EndGlobalSection
	GlobalSection(ExtensibilityGlobals) = postSolution
		SolutionGuid = {D730C843-EEAA-4FDC-8E17-7CF2478595E0}
	EndGlobalSection
EndGlobal
