
Microsoft Visual Studio Solution File, Format Version 12.00
# Visual Studio Version 16
VisualStudioVersion = 16.0.30717.126
MinimumVisualStudioVersion = 10.0.40219.1
Project("{FAE04EC0-301F-11D3-BF4B-00C04F79EFBC}") = "l9t21", "l9t21.csproj", "{C01D9079-845F-4F1B-B2CC-2656ABF6F03F}"
EndProject
Global
	GlobalSection(SolutionConfigurationPlatforms) = preSolution
		Debug|Any CPU = Debug|Any CPU
		Release|Any CPU = Release|Any CPU
	EndGlobalSection
	GlobalSection(ProjectConfigurationPlatforms) = postSolution
		{C01D9079-845F-4F1B-B2CC-2656ABF6F03F}.Debug|Any CPU.ActiveCfg = Debug|Any CPU
		{C01D9079-845F-4F1B-B2CC-2656ABF6F03F}.Debug|Any CPU.Build.0 = Debug|Any CPU
		{C01D9079-845F-4F1B-B2CC-2656ABF6F03F}.Release|Any CPU.ActiveCfg = Release|Any CPU
		{C01D9079-845F-4F1B-B2CC-2656ABF6F03F}.Release|Any CPU.Build.0 = Release|Any CPU
	EndGlobalSection
	GlobalSection(SolutionProperties) = preSolution
		HideSolutionNode = FALSE
	EndGlobalSection
	GlobalSection(ExtensibilityGlobals) = postSolution
		SolutionGuid = {AAE41E82-F369-4CD4-B623-6E019528DC8C}
	EndGlobalSection
EndGlobal
