
Microsoft Visual Studio Solution File, Format Version 12.00
# Visual Studio Version 16
VisualStudioVersion = 16.0.30717.126
MinimumVisualStudioVersion = 10.0.40219.1
Project("{FAE04EC0-301F-11D3-BF4B-00C04F79EFBC}") = "l3t14", "l3t14.csproj", "{47947543-7CE1-4692-9F0B-3095330E7EC4}"
EndProject
Global
	GlobalSection(SolutionConfigurationPlatforms) = preSolution
		Debug|Any CPU = Debug|Any CPU
		Release|Any CPU = Release|Any CPU
	EndGlobalSection
	GlobalSection(ProjectConfigurationPlatforms) = postSolution
		{47947543-7CE1-4692-9F0B-3095330E7EC4}.Debug|Any CPU.ActiveCfg = Debug|Any CPU
		{47947543-7CE1-4692-9F0B-3095330E7EC4}.Debug|Any CPU.Build.0 = Debug|Any CPU
		{47947543-7CE1-4692-9F0B-3095330E7EC4}.Release|Any CPU.ActiveCfg = Release|Any CPU
		{47947543-7CE1-4692-9F0B-3095330E7EC4}.Release|Any CPU.Build.0 = Release|Any CPU
	EndGlobalSection
	GlobalSection(SolutionProperties) = preSolution
		HideSolutionNode = FALSE
	EndGlobalSection
	GlobalSection(ExtensibilityGlobals) = postSolution
		SolutionGuid = {8D454911-1D62-4628-AFBB-6542F1AC3861}
	EndGlobalSection
EndGlobal
