
Microsoft Visual Studio Solution File, Format Version 12.00
# Visual Studio Version 16
VisualStudioVersion = 16.0.30711.63
MinimumVisualStudioVersion = 10.0.40219.1
Project("{FAE04EC0-301F-11D3-BF4B-00C04F79EFBC}") = "l2t12", "l2t12.csproj", "{BA35D9F9-CB67-403B-B344-C1D84C53277D}"
EndProject
Global
	GlobalSection(SolutionConfigurationPlatforms) = preSolution
		Debug|Any CPU = Debug|Any CPU
		Release|Any CPU = Release|Any CPU
	EndGlobalSection
	GlobalSection(ProjectConfigurationPlatforms) = postSolution
		{BA35D9F9-CB67-403B-B344-C1D84C53277D}.Debug|Any CPU.ActiveCfg = Debug|Any CPU
		{BA35D9F9-CB67-403B-B344-C1D84C53277D}.Debug|Any CPU.Build.0 = Debug|Any CPU
		{BA35D9F9-CB67-403B-B344-C1D84C53277D}.Release|Any CPU.ActiveCfg = Release|Any CPU
		{BA35D9F9-CB67-403B-B344-C1D84C53277D}.Release|Any CPU.Build.0 = Release|Any CPU
	EndGlobalSection
	GlobalSection(SolutionProperties) = preSolution
		HideSolutionNode = FALSE
	EndGlobalSection
	GlobalSection(ExtensibilityGlobals) = postSolution
		SolutionGuid = {8828C3A1-1C4B-43B4-93DF-6C292FE28C24}
	EndGlobalSection
EndGlobal
