
Microsoft Visual Studio Solution File, Format Version 12.00
# Visual Studio Version 16
VisualStudioVersion = 16.0.30717.126
MinimumVisualStudioVersion = 10.0.40219.1
Project("{FAE04EC0-301F-11D3-BF4B-00C04F79EFBC}") = "l8t23", "l8t23.csproj", "{A97192B6-589E-4E36-B1F9-AD3FF4268D9B}"
EndProject
Global
	GlobalSection(SolutionConfigurationPlatforms) = preSolution
		Debug|Any CPU = Debug|Any CPU
		Release|Any CPU = Release|Any CPU
	EndGlobalSection
	GlobalSection(ProjectConfigurationPlatforms) = postSolution
		{A97192B6-589E-4E36-B1F9-AD3FF4268D9B}.Debug|Any CPU.ActiveCfg = Debug|Any CPU
		{A97192B6-589E-4E36-B1F9-AD3FF4268D9B}.Debug|Any CPU.Build.0 = Debug|Any CPU
		{A97192B6-589E-4E36-B1F9-AD3FF4268D9B}.Release|Any CPU.ActiveCfg = Release|Any CPU
		{A97192B6-589E-4E36-B1F9-AD3FF4268D9B}.Release|Any CPU.Build.0 = Release|Any CPU
	EndGlobalSection
	GlobalSection(SolutionProperties) = preSolution
		HideSolutionNode = FALSE
	EndGlobalSection
	GlobalSection(ExtensibilityGlobals) = postSolution
		SolutionGuid = {BFF6CBA5-182A-423F-AD79-2852B4ABFA74}
	EndGlobalSection
EndGlobal
