
Microsoft Visual Studio Solution File, Format Version 12.00
# Visual Studio Version 16
VisualStudioVersion = 16.0.30717.126
MinimumVisualStudioVersion = 10.0.40219.1
Project("{FAE04EC0-301F-11D3-BF4B-00C04F79EFBC}") = "l5t13", "l5t13.csproj", "{6427E6DD-C908-40FF-8D28-57441ABADD1B}"
EndProject
Global
	GlobalSection(SolutionConfigurationPlatforms) = preSolution
		Debug|Any CPU = Debug|Any CPU
		Release|Any CPU = Release|Any CPU
	EndGlobalSection
	GlobalSection(ProjectConfigurationPlatforms) = postSolution
		{6427E6DD-C908-40FF-8D28-57441ABADD1B}.Debug|Any CPU.ActiveCfg = Debug|Any CPU
		{6427E6DD-C908-40FF-8D28-57441ABADD1B}.Debug|Any CPU.Build.0 = Debug|Any CPU
		{6427E6DD-C908-40FF-8D28-57441ABADD1B}.Release|Any CPU.ActiveCfg = Release|Any CPU
		{6427E6DD-C908-40FF-8D28-57441ABADD1B}.Release|Any CPU.Build.0 = Release|Any CPU
	EndGlobalSection
	GlobalSection(SolutionProperties) = preSolution
		HideSolutionNode = FALSE
	EndGlobalSection
	GlobalSection(ExtensibilityGlobals) = postSolution
		SolutionGuid = {9940B912-83A8-4E0F-B309-0252021C6139}
	EndGlobalSection
EndGlobal
