
Microsoft Visual Studio Solution File, Format Version 12.00
# Visual Studio Version 16
VisualStudioVersion = 16.0.30717.126
MinimumVisualStudioVersion = 10.0.40219.1
Project("{FAE04EC0-301F-11D3-BF4B-00C04F79EFBC}") = "l5t19", "l5t19.csproj", "{5015E7B3-8AB6-44FB-B4A8-E7813279A36B}"
EndProject
Global
	GlobalSection(SolutionConfigurationPlatforms) = preSolution
		Debug|Any CPU = Debug|Any CPU
		Release|Any CPU = Release|Any CPU
	EndGlobalSection
	GlobalSection(ProjectConfigurationPlatforms) = postSolution
		{5015E7B3-8AB6-44FB-B4A8-E7813279A36B}.Debug|Any CPU.ActiveCfg = Debug|Any CPU
		{5015E7B3-8AB6-44FB-B4A8-E7813279A36B}.Debug|Any CPU.Build.0 = Debug|Any CPU
		{5015E7B3-8AB6-44FB-B4A8-E7813279A36B}.Release|Any CPU.ActiveCfg = Release|Any CPU
		{5015E7B3-8AB6-44FB-B4A8-E7813279A36B}.Release|Any CPU.Build.0 = Release|Any CPU
	EndGlobalSection
	GlobalSection(SolutionProperties) = preSolution
		HideSolutionNode = FALSE
	EndGlobalSection
	GlobalSection(ExtensibilityGlobals) = postSolution
		SolutionGuid = {27C7399A-A7C7-44E7-A051-26769A954FFE}
	EndGlobalSection
EndGlobal
