
Microsoft Visual Studio Solution File, Format Version 12.00
# Visual Studio Version 16
VisualStudioVersion = 16.0.30711.63
MinimumVisualStudioVersion = 10.0.40219.1
Project("{FAE04EC0-301F-11D3-BF4B-00C04F79EFBC}") = "l2t9", "l2t9.csproj", "{CBB1FD4B-0837-4CC0-9C01-004FBEE3AFCF}"
EndProject
Global
	GlobalSection(SolutionConfigurationPlatforms) = preSolution
		Debug|Any CPU = Debug|Any CPU
		Release|Any CPU = Release|Any CPU
	EndGlobalSection
	GlobalSection(ProjectConfigurationPlatforms) = postSolution
		{CBB1FD4B-0837-4CC0-9C01-004FBEE3AFCF}.Debug|Any CPU.ActiveCfg = Debug|Any CPU
		{CBB1FD4B-0837-4CC0-9C01-004FBEE3AFCF}.Debug|Any CPU.Build.0 = Debug|Any CPU
		{CBB1FD4B-0837-4CC0-9C01-004FBEE3AFCF}.Release|Any CPU.ActiveCfg = Release|Any CPU
		{CBB1FD4B-0837-4CC0-9C01-004FBEE3AFCF}.Release|Any CPU.Build.0 = Release|Any CPU
	EndGlobalSection
	GlobalSection(SolutionProperties) = preSolution
		HideSolutionNode = FALSE
	EndGlobalSection
	GlobalSection(ExtensibilityGlobals) = postSolution
		SolutionGuid = {73F45B22-1C29-4A9F-9152-B7F5FB1DB570}
	EndGlobalSection
EndGlobal
