
Microsoft Visual Studio Solution File, Format Version 12.00
# Visual Studio Version 16
VisualStudioVersion = 16.0.30717.126
MinimumVisualStudioVersion = 10.0.40219.1
Project("{FAE04EC0-301F-11D3-BF4B-00C04F79EFBC}") = "l3t26", "l3t26.csproj", "{F59789E9-8363-464A-98E0-4E9554145F94}"
EndProject
Global
	GlobalSection(SolutionConfigurationPlatforms) = preSolution
		Debug|Any CPU = Debug|Any CPU
		Release|Any CPU = Release|Any CPU
	EndGlobalSection
	GlobalSection(ProjectConfigurationPlatforms) = postSolution
		{F59789E9-8363-464A-98E0-4E9554145F94}.Debug|Any CPU.ActiveCfg = Debug|Any CPU
		{F59789E9-8363-464A-98E0-4E9554145F94}.Debug|Any CPU.Build.0 = Debug|Any CPU
		{F59789E9-8363-464A-98E0-4E9554145F94}.Release|Any CPU.ActiveCfg = Release|Any CPU
		{F59789E9-8363-464A-98E0-4E9554145F94}.Release|Any CPU.Build.0 = Release|Any CPU
	EndGlobalSection
	GlobalSection(SolutionProperties) = preSolution
		HideSolutionNode = FALSE
	EndGlobalSection
	GlobalSection(ExtensibilityGlobals) = postSolution
		SolutionGuid = {60AE85E5-4F0E-4FE9-A168-3D77B0D3B470}
	EndGlobalSection
EndGlobal
