
Microsoft Visual Studio Solution File, Format Version 12.00
# Visual Studio Version 16
VisualStudioVersion = 16.0.30717.126
MinimumVisualStudioVersion = 10.0.40219.1
Project("{FAE04EC0-301F-11D3-BF4B-00C04F79EFBC}") = "l9t18", "l9t18.csproj", "{8D8E88DD-8DB0-43E3-BA10-1E04DAAEC9C3}"
EndProject
Global
	GlobalSection(SolutionConfigurationPlatforms) = preSolution
		Debug|Any CPU = Debug|Any CPU
		Release|Any CPU = Release|Any CPU
	EndGlobalSection
	GlobalSection(ProjectConfigurationPlatforms) = postSolution
		{8D8E88DD-8DB0-43E3-BA10-1E04DAAEC9C3}.Debug|Any CPU.ActiveCfg = Debug|Any CPU
		{8D8E88DD-8DB0-43E3-BA10-1E04DAAEC9C3}.Debug|Any CPU.Build.0 = Debug|Any CPU
		{8D8E88DD-8DB0-43E3-BA10-1E04DAAEC9C3}.Release|Any CPU.ActiveCfg = Release|Any CPU
		{8D8E88DD-8DB0-43E3-BA10-1E04DAAEC9C3}.Release|Any CPU.Build.0 = Release|Any CPU
	EndGlobalSection
	GlobalSection(SolutionProperties) = preSolution
		HideSolutionNode = FALSE
	EndGlobalSection
	GlobalSection(ExtensibilityGlobals) = postSolution
		SolutionGuid = {AFEA18BC-4DE7-47A9-8559-FAA252EBA8F3}
	EndGlobalSection
EndGlobal
