
Microsoft Visual Studio Solution File, Format Version 12.00
# Visual Studio Version 16
VisualStudioVersion = 16.0.30711.63
MinimumVisualStudioVersion = 10.0.40219.1
Project("{FAE04EC0-301F-11D3-BF4B-00C04F79EFBC}") = "l1t18", "l1t18.csproj", "{2145745C-18BC-411B-B4C3-71C79B7567C5}"
EndProject
Global
	GlobalSection(SolutionConfigurationPlatforms) = preSolution
		Debug|Any CPU = Debug|Any CPU
		Release|Any CPU = Release|Any CPU
	EndGlobalSection
	GlobalSection(ProjectConfigurationPlatforms) = postSolution
		{2145745C-18BC-411B-B4C3-71C79B7567C5}.Debug|Any CPU.ActiveCfg = Debug|Any CPU
		{2145745C-18BC-411B-B4C3-71C79B7567C5}.Debug|Any CPU.Build.0 = Debug|Any CPU
		{2145745C-18BC-411B-B4C3-71C79B7567C5}.Release|Any CPU.ActiveCfg = Release|Any CPU
		{2145745C-18BC-411B-B4C3-71C79B7567C5}.Release|Any CPU.Build.0 = Release|Any CPU
	EndGlobalSection
	GlobalSection(SolutionProperties) = preSolution
		HideSolutionNode = FALSE
	EndGlobalSection
	GlobalSection(ExtensibilityGlobals) = postSolution
		SolutionGuid = {CF061819-C4A0-47F3-85E7-94E18651A8E7}
	EndGlobalSection
EndGlobal
