
Microsoft Visual Studio Solution File, Format Version 12.00
# Visual Studio Version 16
VisualStudioVersion = 16.0.30711.63
MinimumVisualStudioVersion = 10.0.40219.1
Project("{FAE04EC0-301F-11D3-BF4B-00C04F79EFBC}") = "l2t7", "l2t7.csproj", "{B1D7B9CB-74C5-40BC-9606-A7E8AE6652CD}"
EndProject
Global
	GlobalSection(SolutionConfigurationPlatforms) = preSolution
		Debug|Any CPU = Debug|Any CPU
		Release|Any CPU = Release|Any CPU
	EndGlobalSection
	GlobalSection(ProjectConfigurationPlatforms) = postSolution
		{B1D7B9CB-74C5-40BC-9606-A7E8AE6652CD}.Debug|Any CPU.ActiveCfg = Debug|Any CPU
		{B1D7B9CB-74C5-40BC-9606-A7E8AE6652CD}.Debug|Any CPU.Build.0 = Debug|Any CPU
		{B1D7B9CB-74C5-40BC-9606-A7E8AE6652CD}.Release|Any CPU.ActiveCfg = Release|Any CPU
		{B1D7B9CB-74C5-40BC-9606-A7E8AE6652CD}.Release|Any CPU.Build.0 = Release|Any CPU
	EndGlobalSection
	GlobalSection(SolutionProperties) = preSolution
		HideSolutionNode = FALSE
	EndGlobalSection
	GlobalSection(ExtensibilityGlobals) = postSolution
		SolutionGuid = {F8146BEF-1033-4E3E-8D2E-68525F8952A2}
	EndGlobalSection
EndGlobal
