
Microsoft Visual Studio Solution File, Format Version 12.00
# Visual Studio Version 16
VisualStudioVersion = 16.0.30717.126
MinimumVisualStudioVersion = 10.0.40219.1
Project("{FAE04EC0-301F-11D3-BF4B-00C04F79EFBC}") = "l10t4", "l10t4.csproj", "{8E52C45C-FA59-4360-9088-780952517E36}"
EndProject
Global
	GlobalSection(SolutionConfigurationPlatforms) = preSolution
		Debug|Any CPU = Debug|Any CPU
		Release|Any CPU = Release|Any CPU
	EndGlobalSection
	GlobalSection(ProjectConfigurationPlatforms) = postSolution
		{8E52C45C-FA59-4360-9088-780952517E36}.Debug|Any CPU.ActiveCfg = Debug|Any CPU
		{8E52C45C-FA59-4360-9088-780952517E36}.Debug|Any CPU.Build.0 = Debug|Any CPU
		{8E52C45C-FA59-4360-9088-780952517E36}.Release|Any CPU.ActiveCfg = Release|Any CPU
		{8E52C45C-FA59-4360-9088-780952517E36}.Release|Any CPU.Build.0 = Release|Any CPU
	EndGlobalSection
	GlobalSection(SolutionProperties) = preSolution
		HideSolutionNode = FALSE
	EndGlobalSection
	GlobalSection(ExtensibilityGlobals) = postSolution
		SolutionGuid = {1AE77D24-A68A-4F2C-A7C0-0D7BE4920D11}
	EndGlobalSection
EndGlobal
