
Microsoft Visual Studio Solution File, Format Version 12.00
# Visual Studio Version 16
VisualStudioVersion = 16.0.30717.126
MinimumVisualStudioVersion = 10.0.40219.1
Project("{FAE04EC0-301F-11D3-BF4B-00C04F79EFBC}") = "l6t10", "l6t10.csproj", "{6930D75A-66A7-4FB4-9AB8-13A30F169F4F}"
EndProject
Global
	GlobalSection(SolutionConfigurationPlatforms) = preSolution
		Debug|Any CPU = Debug|Any CPU
		Release|Any CPU = Release|Any CPU
	EndGlobalSection
	GlobalSection(ProjectConfigurationPlatforms) = postSolution
		{6930D75A-66A7-4FB4-9AB8-13A30F169F4F}.Debug|Any CPU.ActiveCfg = Debug|Any CPU
		{6930D75A-66A7-4FB4-9AB8-13A30F169F4F}.Debug|Any CPU.Build.0 = Debug|Any CPU
		{6930D75A-66A7-4FB4-9AB8-13A30F169F4F}.Release|Any CPU.ActiveCfg = Release|Any CPU
		{6930D75A-66A7-4FB4-9AB8-13A30F169F4F}.Release|Any CPU.Build.0 = Release|Any CPU
	EndGlobalSection
	GlobalSection(SolutionProperties) = preSolution
		HideSolutionNode = FALSE
	EndGlobalSection
	GlobalSection(ExtensibilityGlobals) = postSolution
		SolutionGuid = {AB82DB05-AA7B-4816-8108-89EAD5C5937C}
	EndGlobalSection
EndGlobal
