
Microsoft Visual Studio Solution File, Format Version 12.00
# Visual Studio Version 16
VisualStudioVersion = 16.0.30711.63
MinimumVisualStudioVersion = 10.0.40219.1
Project("{FAE04EC0-301F-11D3-BF4B-00C04F79EFBC}") = "l8t6", "l8t6.csproj", "{E646FFB2-5BCC-4667-B6D4-88E9AC7E5F30}"
EndProject
Global
	GlobalSection(SolutionConfigurationPlatforms) = preSolution
		Debug|Any CPU = Debug|Any CPU
		Release|Any CPU = Release|Any CPU
	EndGlobalSection
	GlobalSection(ProjectConfigurationPlatforms) = postSolution
		{E646FFB2-5BCC-4667-B6D4-88E9AC7E5F30}.Debug|Any CPU.ActiveCfg = Debug|Any CPU
		{E646FFB2-5BCC-4667-B6D4-88E9AC7E5F30}.Debug|Any CPU.Build.0 = Debug|Any CPU
		{E646FFB2-5BCC-4667-B6D4-88E9AC7E5F30}.Release|Any CPU.ActiveCfg = Release|Any CPU
		{E646FFB2-5BCC-4667-B6D4-88E9AC7E5F30}.Release|Any CPU.Build.0 = Release|Any CPU
	EndGlobalSection
	GlobalSection(SolutionProperties) = preSolution
		HideSolutionNode = FALSE
	EndGlobalSection
	GlobalSection(ExtensibilityGlobals) = postSolution
		SolutionGuid = {8E2F945A-95CD-4366-92D3-08CBA3844CD4}
	EndGlobalSection
EndGlobal
