
Microsoft Visual Studio Solution File, Format Version 12.00
# Visual Studio Version 16
VisualStudioVersion = 16.0.30717.126
MinimumVisualStudioVersion = 10.0.40219.1
Project("{FAE04EC0-301F-11D3-BF4B-00C04F79EFBC}") = "l6t19", "l6t19.csproj", "{A636159B-BC1E-4BF4-A373-9D3DD392D28D}"
EndProject
Global
	GlobalSection(SolutionConfigurationPlatforms) = preSolution
		Debug|Any CPU = Debug|Any CPU
		Release|Any CPU = Release|Any CPU
	EndGlobalSection
	GlobalSection(ProjectConfigurationPlatforms) = postSolution
		{A636159B-BC1E-4BF4-A373-9D3DD392D28D}.Debug|Any CPU.ActiveCfg = Debug|Any CPU
		{A636159B-BC1E-4BF4-A373-9D3DD392D28D}.Debug|Any CPU.Build.0 = Debug|Any CPU
		{A636159B-BC1E-4BF4-A373-9D3DD392D28D}.Release|Any CPU.ActiveCfg = Release|Any CPU
		{A636159B-BC1E-4BF4-A373-9D3DD392D28D}.Release|Any CPU.Build.0 = Release|Any CPU
	EndGlobalSection
	GlobalSection(SolutionProperties) = preSolution
		HideSolutionNode = FALSE
	EndGlobalSection
	GlobalSection(ExtensibilityGlobals) = postSolution
		SolutionGuid = {0EA304E5-925B-49EC-A139-4AD23D99F384}
	EndGlobalSection
EndGlobal
