
Microsoft Visual Studio Solution File, Format Version 12.00
# Visual Studio Version 16
VisualStudioVersion = 16.0.30711.63
MinimumVisualStudioVersion = 10.0.40219.1
Project("{FAE04EC0-301F-11D3-BF4B-00C04F79EFBC}") = "l10t11", "l10t11.csproj", "{0295846D-0D46-46B5-AB84-49538FAF1007}"
EndProject
Global
	GlobalSection(SolutionConfigurationPlatforms) = preSolution
		Debug|Any CPU = Debug|Any CPU
		Release|Any CPU = Release|Any CPU
	EndGlobalSection
	GlobalSection(ProjectConfigurationPlatforms) = postSolution
		{0295846D-0D46-46B5-AB84-49538FAF1007}.Debug|Any CPU.ActiveCfg = Debug|Any CPU
		{0295846D-0D46-46B5-AB84-49538FAF1007}.Debug|Any CPU.Build.0 = Debug|Any CPU
		{0295846D-0D46-46B5-AB84-49538FAF1007}.Release|Any CPU.ActiveCfg = Release|Any CPU
		{0295846D-0D46-46B5-AB84-49538FAF1007}.Release|Any CPU.Build.0 = Release|Any CPU
	EndGlobalSection
	GlobalSection(SolutionProperties) = preSolution
		HideSolutionNode = FALSE
	EndGlobalSection
	GlobalSection(ExtensibilityGlobals) = postSolution
		SolutionGuid = {F2D8A2DC-4850-47E7-B60F-2F56A0247259}
	EndGlobalSection
EndGlobal
