
Microsoft Visual Studio Solution File, Format Version 12.00
# Visual Studio Version 16
VisualStudioVersion = 16.0.30717.126
MinimumVisualStudioVersion = 10.0.40219.1
Project("{FAE04EC0-301F-11D3-BF4B-00C04F79EFBC}") = "l5t3", "l5t3.csproj", "{BE788459-DDDD-48D3-8012-AB02DCBE0232}"
EndProject
Global
	GlobalSection(SolutionConfigurationPlatforms) = preSolution
		Debug|Any CPU = Debug|Any CPU
		Release|Any CPU = Release|Any CPU
	EndGlobalSection
	GlobalSection(ProjectConfigurationPlatforms) = postSolution
		{BE788459-DDDD-48D3-8012-AB02DCBE0232}.Debug|Any CPU.ActiveCfg = Debug|Any CPU
		{BE788459-DDDD-48D3-8012-AB02DCBE0232}.Debug|Any CPU.Build.0 = Debug|Any CPU
		{BE788459-DDDD-48D3-8012-AB02DCBE0232}.Release|Any CPU.ActiveCfg = Release|Any CPU
		{BE788459-DDDD-48D3-8012-AB02DCBE0232}.Release|Any CPU.Build.0 = Release|Any CPU
	EndGlobalSection
	GlobalSection(SolutionProperties) = preSolution
		HideSolutionNode = FALSE
	EndGlobalSection
	GlobalSection(ExtensibilityGlobals) = postSolution
		SolutionGuid = {1718CA61-4CB1-4B04-906F-D7C3BE97B371}
	EndGlobalSection
EndGlobal
