
Microsoft Visual Studio Solution File, Format Version 12.00
# Visual Studio Version 16
VisualStudioVersion = 16.0.30717.126
MinimumVisualStudioVersion = 10.0.40219.1
Project("{FAE04EC0-301F-11D3-BF4B-00C04F79EFBC}") = "l3t16", "l3t16.csproj", "{50931BDD-18CC-4F44-9252-E1074EF1B450}"
EndProject
Global
	GlobalSection(SolutionConfigurationPlatforms) = preSolution
		Debug|Any CPU = Debug|Any CPU
		Release|Any CPU = Release|Any CPU
	EndGlobalSection
	GlobalSection(ProjectConfigurationPlatforms) = postSolution
		{50931BDD-18CC-4F44-9252-E1074EF1B450}.Debug|Any CPU.ActiveCfg = Debug|Any CPU
		{50931BDD-18CC-4F44-9252-E1074EF1B450}.Debug|Any CPU.Build.0 = Debug|Any CPU
		{50931BDD-18CC-4F44-9252-E1074EF1B450}.Release|Any CPU.ActiveCfg = Release|Any CPU
		{50931BDD-18CC-4F44-9252-E1074EF1B450}.Release|Any CPU.Build.0 = Release|Any CPU
	EndGlobalSection
	GlobalSection(SolutionProperties) = preSolution
		HideSolutionNode = FALSE
	EndGlobalSection
	GlobalSection(ExtensibilityGlobals) = postSolution
		SolutionGuid = {104D9193-6B00-4E32-A586-9A52412C33B4}
	EndGlobalSection
EndGlobal
