
Microsoft Visual Studio Solution File, Format Version 12.00
# Visual Studio Version 16
VisualStudioVersion = 16.0.30711.63
MinimumVisualStudioVersion = 10.0.40219.1
Project("{FAE04EC0-301F-11D3-BF4B-00C04F79EFBC}") = "l1t16", "l1t16.csproj", "{7FEBDF08-17F3-4EEC-98AA-34A0BCE21D2C}"
EndProject
Global
	GlobalSection(SolutionConfigurationPlatforms) = preSolution
		Debug|Any CPU = Debug|Any CPU
		Release|Any CPU = Release|Any CPU
	EndGlobalSection
	GlobalSection(ProjectConfigurationPlatforms) = postSolution
		{7FEBDF08-17F3-4EEC-98AA-34A0BCE21D2C}.Debug|Any CPU.ActiveCfg = Debug|Any CPU
		{7FEBDF08-17F3-4EEC-98AA-34A0BCE21D2C}.Debug|Any CPU.Build.0 = Debug|Any CPU
		{7FEBDF08-17F3-4EEC-98AA-34A0BCE21D2C}.Release|Any CPU.ActiveCfg = Release|Any CPU
		{7FEBDF08-17F3-4EEC-98AA-34A0BCE21D2C}.Release|Any CPU.Build.0 = Release|Any CPU
	EndGlobalSection
	GlobalSection(SolutionProperties) = preSolution
		HideSolutionNode = FALSE
	EndGlobalSection
	GlobalSection(ExtensibilityGlobals) = postSolution
		SolutionGuid = {A4F44596-DE10-42D8-A1AE-5800591D02E3}
	EndGlobalSection
EndGlobal
