
Microsoft Visual Studio Solution File, Format Version 12.00
# Visual Studio Version 16
VisualStudioVersion = 16.0.30717.126
MinimumVisualStudioVersion = 10.0.40219.1
Project("{FAE04EC0-301F-11D3-BF4B-00C04F79EFBC}") = "l6t20", "l6t20.csproj", "{BAB76D32-476B-463B-ACD7-27AC90CF2610}"
EndProject
Global
	GlobalSection(SolutionConfigurationPlatforms) = preSolution
		Debug|Any CPU = Debug|Any CPU
		Release|Any CPU = Release|Any CPU
	EndGlobalSection
	GlobalSection(ProjectConfigurationPlatforms) = postSolution
		{BAB76D32-476B-463B-ACD7-27AC90CF2610}.Debug|Any CPU.ActiveCfg = Debug|Any CPU
		{BAB76D32-476B-463B-ACD7-27AC90CF2610}.Debug|Any CPU.Build.0 = Debug|Any CPU
		{BAB76D32-476B-463B-ACD7-27AC90CF2610}.Release|Any CPU.ActiveCfg = Release|Any CPU
		{BAB76D32-476B-463B-ACD7-27AC90CF2610}.Release|Any CPU.Build.0 = Release|Any CPU
	EndGlobalSection
	GlobalSection(SolutionProperties) = preSolution
		HideSolutionNode = FALSE
	EndGlobalSection
	GlobalSection(ExtensibilityGlobals) = postSolution
		SolutionGuid = {AD51A09C-6076-4D6C-AF84-5997E9831228}
	EndGlobalSection
EndGlobal
