
Microsoft Visual Studio Solution File, Format Version 12.00
# Visual Studio Version 16
VisualStudioVersion = 16.0.30717.126
MinimumVisualStudioVersion = 10.0.40219.1
Project("{FAE04EC0-301F-11D3-BF4B-00C04F79EFBC}") = "l6t3", "l6t3.csproj", "{79D4FF3A-18F8-4336-888B-23468A12B04A}"
EndProject
Global
	GlobalSection(SolutionConfigurationPlatforms) = preSolution
		Debug|Any CPU = Debug|Any CPU
		Release|Any CPU = Release|Any CPU
	EndGlobalSection
	GlobalSection(ProjectConfigurationPlatforms) = postSolution
		{79D4FF3A-18F8-4336-888B-23468A12B04A}.Debug|Any CPU.ActiveCfg = Debug|Any CPU
		{79D4FF3A-18F8-4336-888B-23468A12B04A}.Debug|Any CPU.Build.0 = Debug|Any CPU
		{79D4FF3A-18F8-4336-888B-23468A12B04A}.Release|Any CPU.ActiveCfg = Release|Any CPU
		{79D4FF3A-18F8-4336-888B-23468A12B04A}.Release|Any CPU.Build.0 = Release|Any CPU
	EndGlobalSection
	GlobalSection(SolutionProperties) = preSolution
		HideSolutionNode = FALSE
	EndGlobalSection
	GlobalSection(ExtensibilityGlobals) = postSolution
		SolutionGuid = {F597B2B0-282E-4732-A2F8-2E43A09EDE05}
	EndGlobalSection
EndGlobal
