
Microsoft Visual Studio Solution File, Format Version 12.00
# Visual Studio Version 16
VisualStudioVersion = 16.0.30717.126
MinimumVisualStudioVersion = 10.0.40219.1
Project("{FAE04EC0-301F-11D3-BF4B-00C04F79EFBC}") = "l10t27", "l10t27.csproj", "{0B6CC3FE-A778-420C-B19A-D6C63056417A}"
EndProject
Global
	GlobalSection(SolutionConfigurationPlatforms) = preSolution
		Debug|Any CPU = Debug|Any CPU
		Release|Any CPU = Release|Any CPU
	EndGlobalSection
	GlobalSection(ProjectConfigurationPlatforms) = postSolution
		{0B6CC3FE-A778-420C-B19A-D6C63056417A}.Debug|Any CPU.ActiveCfg = Debug|Any CPU
		{0B6CC3FE-A778-420C-B19A-D6C63056417A}.Debug|Any CPU.Build.0 = Debug|Any CPU
		{0B6CC3FE-A778-420C-B19A-D6C63056417A}.Release|Any CPU.ActiveCfg = Release|Any CPU
		{0B6CC3FE-A778-420C-B19A-D6C63056417A}.Release|Any CPU.Build.0 = Release|Any CPU
	EndGlobalSection
	GlobalSection(SolutionProperties) = preSolution
		HideSolutionNode = FALSE
	EndGlobalSection
	GlobalSection(ExtensibilityGlobals) = postSolution
		SolutionGuid = {35A51D5F-CB62-427F-A956-8C8B0D540A84}
	EndGlobalSection
EndGlobal
