
Microsoft Visual Studio Solution File, Format Version 12.00
# Visual Studio Version 16
VisualStudioVersion = 16.0.30711.63
MinimumVisualStudioVersion = 10.0.40219.1
Project("{FAE04EC0-301F-11D3-BF4B-00C04F79EFBC}") = "l10t8", "l10t8.csproj", "{29CDB510-FFCF-4C4E-8FD5-B623F6393202}"
EndProject
Global
	GlobalSection(SolutionConfigurationPlatforms) = preSolution
		Debug|Any CPU = Debug|Any CPU
		Release|Any CPU = Release|Any CPU
	EndGlobalSection
	GlobalSection(ProjectConfigurationPlatforms) = postSolution
		{29CDB510-FFCF-4C4E-8FD5-B623F6393202}.Debug|Any CPU.ActiveCfg = Debug|Any CPU
		{29CDB510-FFCF-4C4E-8FD5-B623F6393202}.Debug|Any CPU.Build.0 = Debug|Any CPU
		{29CDB510-FFCF-4C4E-8FD5-B623F6393202}.Release|Any CPU.ActiveCfg = Release|Any CPU
		{29CDB510-FFCF-4C4E-8FD5-B623F6393202}.Release|Any CPU.Build.0 = Release|Any CPU
	EndGlobalSection
	GlobalSection(SolutionProperties) = preSolution
		HideSolutionNode = FALSE
	EndGlobalSection
	GlobalSection(ExtensibilityGlobals) = postSolution
		SolutionGuid = {A93F8EBD-2667-468D-8517-F1A2E075DBC7}
	EndGlobalSection
EndGlobal
