
Microsoft Visual Studio Solution File, Format Version 12.00
# Visual Studio Version 16
VisualStudioVersion = 16.0.30717.126
MinimumVisualStudioVersion = 10.0.40219.1
Project("{FAE04EC0-301F-11D3-BF4B-00C04F79EFBC}") = "l5t8", "l5t8.csproj", "{A4302332-D3A1-4EDF-B22C-D1064D96E2DD}"
EndProject
Global
	GlobalSection(SolutionConfigurationPlatforms) = preSolution
		Debug|Any CPU = Debug|Any CPU
		Release|Any CPU = Release|Any CPU
	EndGlobalSection
	GlobalSection(ProjectConfigurationPlatforms) = postSolution
		{A4302332-D3A1-4EDF-B22C-D1064D96E2DD}.Debug|Any CPU.ActiveCfg = Debug|Any CPU
		{A4302332-D3A1-4EDF-B22C-D1064D96E2DD}.Debug|Any CPU.Build.0 = Debug|Any CPU
		{A4302332-D3A1-4EDF-B22C-D1064D96E2DD}.Release|Any CPU.ActiveCfg = Release|Any CPU
		{A4302332-D3A1-4EDF-B22C-D1064D96E2DD}.Release|Any CPU.Build.0 = Release|Any CPU
	EndGlobalSection
	GlobalSection(SolutionProperties) = preSolution
		HideSolutionNode = FALSE
	EndGlobalSection
	GlobalSection(ExtensibilityGlobals) = postSolution
		SolutionGuid = {33B2A96B-2251-44B6-AA21-C77E73399B5C}
	EndGlobalSection
EndGlobal
