
Microsoft Visual Studio Solution File, Format Version 12.00
# Visual Studio Version 16
VisualStudioVersion = 16.0.30711.63
MinimumVisualStudioVersion = 10.0.40219.1
Project("{FAE04EC0-301F-11D3-BF4B-00C04F79EFBC}") = "l10t19", "l10t19.csproj", "{1FC46211-5933-4A47-B252-18CB9CD76ED5}"
EndProject
Global
	GlobalSection(SolutionConfigurationPlatforms) = preSolution
		Debug|Any CPU = Debug|Any CPU
		Release|Any CPU = Release|Any CPU
	EndGlobalSection
	GlobalSection(ProjectConfigurationPlatforms) = postSolution
		{1FC46211-5933-4A47-B252-18CB9CD76ED5}.Debug|Any CPU.ActiveCfg = Debug|Any CPU
		{1FC46211-5933-4A47-B252-18CB9CD76ED5}.Debug|Any CPU.Build.0 = Debug|Any CPU
		{1FC46211-5933-4A47-B252-18CB9CD76ED5}.Release|Any CPU.ActiveCfg = Release|Any CPU
		{1FC46211-5933-4A47-B252-18CB9CD76ED5}.Release|Any CPU.Build.0 = Release|Any CPU
	EndGlobalSection
	GlobalSection(SolutionProperties) = preSolution
		HideSolutionNode = FALSE
	EndGlobalSection
	GlobalSection(ExtensibilityGlobals) = postSolution
		SolutionGuid = {250ABE4D-C6ED-4A9E-A603-BC7709377945}
	EndGlobalSection
EndGlobal
