
Microsoft Visual Studio Solution File, Format Version 12.00
# Visual Studio Version 16
VisualStudioVersion = 16.0.30717.126
MinimumVisualStudioVersion = 10.0.40219.1
Project("{FAE04EC0-301F-11D3-BF4B-00C04F79EFBC}") = "l3t7", "l3t7.csproj", "{BBF22B4B-697F-4584-9FDD-0194A62BEAF2}"
EndProject
Global
	GlobalSection(SolutionConfigurationPlatforms) = preSolution
		Debug|Any CPU = Debug|Any CPU
		Release|Any CPU = Release|Any CPU
	EndGlobalSection
	GlobalSection(ProjectConfigurationPlatforms) = postSolution
		{BBF22B4B-697F-4584-9FDD-0194A62BEAF2}.Debug|Any CPU.ActiveCfg = Debug|Any CPU
		{BBF22B4B-697F-4584-9FDD-0194A62BEAF2}.Debug|Any CPU.Build.0 = Debug|Any CPU
		{BBF22B4B-697F-4584-9FDD-0194A62BEAF2}.Release|Any CPU.ActiveCfg = Release|Any CPU
		{BBF22B4B-697F-4584-9FDD-0194A62BEAF2}.Release|Any CPU.Build.0 = Release|Any CPU
	EndGlobalSection
	GlobalSection(SolutionProperties) = preSolution
		HideSolutionNode = FALSE
	EndGlobalSection
	GlobalSection(ExtensibilityGlobals) = postSolution
		SolutionGuid = {04AD327C-D6B1-4F3B-B99D-9447389B0583}
	EndGlobalSection
EndGlobal
