
Microsoft Visual Studio Solution File, Format Version 12.00
# Visual Studio Version 16
VisualStudioVersion = 16.0.30711.63
MinimumVisualStudioVersion = 10.0.40219.1
Project("{FAE04EC0-301F-11D3-BF4B-00C04F79EFBC}") = "l9t15", "l9t15.csproj", "{C5FDDABC-3827-4F8E-A631-6DB1FA9A9AF1}"
EndProject
Global
	GlobalSection(SolutionConfigurationPlatforms) = preSolution
		Debug|Any CPU = Debug|Any CPU
		Release|Any CPU = Release|Any CPU
	EndGlobalSection
	GlobalSection(ProjectConfigurationPlatforms) = postSolution
		{C5FDDABC-3827-4F8E-A631-6DB1FA9A9AF1}.Debug|Any CPU.ActiveCfg = Debug|Any CPU
		{C5FDDABC-3827-4F8E-A631-6DB1FA9A9AF1}.Debug|Any CPU.Build.0 = Debug|Any CPU
		{C5FDDABC-3827-4F8E-A631-6DB1FA9A9AF1}.Release|Any CPU.ActiveCfg = Release|Any CPU
		{C5FDDABC-3827-4F8E-A631-6DB1FA9A9AF1}.Release|Any CPU.Build.0 = Release|Any CPU
	EndGlobalSection
	GlobalSection(SolutionProperties) = preSolution
		HideSolutionNode = FALSE
	EndGlobalSection
	GlobalSection(ExtensibilityGlobals) = postSolution
		SolutionGuid = {84B392E9-E3BA-4470-AA9E-3B7EE9BB9193}
	EndGlobalSection
EndGlobal
