
Microsoft Visual Studio Solution File, Format Version 12.00
# Visual Studio Version 16
VisualStudioVersion = 16.0.30711.63
MinimumVisualStudioVersion = 10.0.40219.1
Project("{FAE04EC0-301F-11D3-BF4B-00C04F79EFBC}") = "l1t7", "l1t7.csproj", "{9D5886D4-5864-4A21-A97E-C5A5FF03153B}"
EndProject
Global
	GlobalSection(SolutionConfigurationPlatforms) = preSolution
		Debug|Any CPU = Debug|Any CPU
		Release|Any CPU = Release|Any CPU
	EndGlobalSection
	GlobalSection(ProjectConfigurationPlatforms) = postSolution
		{9D5886D4-5864-4A21-A97E-C5A5FF03153B}.Debug|Any CPU.ActiveCfg = Debug|Any CPU
		{9D5886D4-5864-4A21-A97E-C5A5FF03153B}.Debug|Any CPU.Build.0 = Debug|Any CPU
		{9D5886D4-5864-4A21-A97E-C5A5FF03153B}.Release|Any CPU.ActiveCfg = Release|Any CPU
		{9D5886D4-5864-4A21-A97E-C5A5FF03153B}.Release|Any CPU.Build.0 = Release|Any CPU
	EndGlobalSection
	GlobalSection(SolutionProperties) = preSolution
		HideSolutionNode = FALSE
	EndGlobalSection
	GlobalSection(ExtensibilityGlobals) = postSolution
		SolutionGuid = {9E4D5A80-0493-4708-925D-67C9C54E9FDC}
	EndGlobalSection
EndGlobal
