
Microsoft Visual Studio Solution File, Format Version 12.00
# Visual Studio Version 16
VisualStudioVersion = 16.0.30717.126
MinimumVisualStudioVersion = 10.0.40219.1
Project("{FAE04EC0-301F-11D3-BF4B-00C04F79EFBC}") = "l2t21", "l2t21.csproj", "{2D47A966-21E6-41FE-A4EF-0838A9B6525B}"
EndProject
Global
	GlobalSection(SolutionConfigurationPlatforms) = preSolution
		Debug|Any CPU = Debug|Any CPU
		Release|Any CPU = Release|Any CPU
	EndGlobalSection
	GlobalSection(ProjectConfigurationPlatforms) = postSolution
		{2D47A966-21E6-41FE-A4EF-0838A9B6525B}.Debug|Any CPU.ActiveCfg = Debug|Any CPU
		{2D47A966-21E6-41FE-A4EF-0838A9B6525B}.Debug|Any CPU.Build.0 = Debug|Any CPU
		{2D47A966-21E6-41FE-A4EF-0838A9B6525B}.Release|Any CPU.ActiveCfg = Release|Any CPU
		{2D47A966-21E6-41FE-A4EF-0838A9B6525B}.Release|Any CPU.Build.0 = Release|Any CPU
	EndGlobalSection
	GlobalSection(SolutionProperties) = preSolution
		HideSolutionNode = FALSE
	EndGlobalSection
	GlobalSection(ExtensibilityGlobals) = postSolution
		SolutionGuid = {5A5DE233-B670-4241-91E2-ABEBB98B5171}
	EndGlobalSection
EndGlobal
