
Microsoft Visual Studio Solution File, Format Version 12.00
# Visual Studio Version 16
VisualStudioVersion = 16.0.30711.63
MinimumVisualStudioVersion = 10.0.40219.1
Project("{FAE04EC0-301F-11D3-BF4B-00C04F79EFBC}") = "l2t14", "l2t14.csproj", "{FF266CD0-C3D1-4C2E-A718-DD274A778728}"
EndProject
Global
	GlobalSection(SolutionConfigurationPlatforms) = preSolution
		Debug|Any CPU = Debug|Any CPU
		Release|Any CPU = Release|Any CPU
	EndGlobalSection
	GlobalSection(ProjectConfigurationPlatforms) = postSolution
		{FF266CD0-C3D1-4C2E-A718-DD274A778728}.Debug|Any CPU.ActiveCfg = Debug|Any CPU
		{FF266CD0-C3D1-4C2E-A718-DD274A778728}.Debug|Any CPU.Build.0 = Debug|Any CPU
		{FF266CD0-C3D1-4C2E-A718-DD274A778728}.Release|Any CPU.ActiveCfg = Release|Any CPU
		{FF266CD0-C3D1-4C2E-A718-DD274A778728}.Release|Any CPU.Build.0 = Release|Any CPU
	EndGlobalSection
	GlobalSection(SolutionProperties) = preSolution
		HideSolutionNode = FALSE
	EndGlobalSection
	GlobalSection(ExtensibilityGlobals) = postSolution
		SolutionGuid = {92C72AD5-2AD8-4DE7-B9B0-20A25E2E3CEF}
	EndGlobalSection
EndGlobal
