
Microsoft Visual Studio Solution File, Format Version 12.00
# Visual Studio Version 16
VisualStudioVersion = 16.0.30717.126
MinimumVisualStudioVersion = 10.0.40219.1
Project("{FAE04EC0-301F-11D3-BF4B-00C04F79EFBC}") = "l2t31", "l2t31.csproj", "{FF5B2D19-43DE-43FE-AFB8-3E8E37455E6F}"
EndProject
Global
	GlobalSection(SolutionConfigurationPlatforms) = preSolution
		Debug|Any CPU = Debug|Any CPU
		Release|Any CPU = Release|Any CPU
	EndGlobalSection
	GlobalSection(ProjectConfigurationPlatforms) = postSolution
		{FF5B2D19-43DE-43FE-AFB8-3E8E37455E6F}.Debug|Any CPU.ActiveCfg = Debug|Any CPU
		{FF5B2D19-43DE-43FE-AFB8-3E8E37455E6F}.Debug|Any CPU.Build.0 = Debug|Any CPU
		{FF5B2D19-43DE-43FE-AFB8-3E8E37455E6F}.Release|Any CPU.ActiveCfg = Release|Any CPU
		{FF5B2D19-43DE-43FE-AFB8-3E8E37455E6F}.Release|Any CPU.Build.0 = Release|Any CPU
	EndGlobalSection
	GlobalSection(SolutionProperties) = preSolution
		HideSolutionNode = FALSE
	EndGlobalSection
	GlobalSection(ExtensibilityGlobals) = postSolution
		SolutionGuid = {00CC4A07-1AE1-42D5-A8DE-C7A8A0AA4A2A}
	EndGlobalSection
EndGlobal
