
Microsoft Visual Studio Solution File, Format Version 12.00
# Visual Studio Version 16
VisualStudioVersion = 16.0.30717.126
MinimumVisualStudioVersion = 10.0.40219.1
Project("{FAE04EC0-301F-11D3-BF4B-00C04F79EFBC}") = "l5t20", "l5t20.csproj", "{CB42DF74-7EA9-4208-9A02-BF0C83FF47C9}"
EndProject
Global
	GlobalSection(SolutionConfigurationPlatforms) = preSolution
		Debug|Any CPU = Debug|Any CPU
		Release|Any CPU = Release|Any CPU
	EndGlobalSection
	GlobalSection(ProjectConfigurationPlatforms) = postSolution
		{CB42DF74-7EA9-4208-9A02-BF0C83FF47C9}.Debug|Any CPU.ActiveCfg = Debug|Any CPU
		{CB42DF74-7EA9-4208-9A02-BF0C83FF47C9}.Debug|Any CPU.Build.0 = Debug|Any CPU
		{CB42DF74-7EA9-4208-9A02-BF0C83FF47C9}.Release|Any CPU.ActiveCfg = Release|Any CPU
		{CB42DF74-7EA9-4208-9A02-BF0C83FF47C9}.Release|Any CPU.Build.0 = Release|Any CPU
	EndGlobalSection
	GlobalSection(SolutionProperties) = preSolution
		HideSolutionNode = FALSE
	EndGlobalSection
	GlobalSection(ExtensibilityGlobals) = postSolution
		SolutionGuid = {82574C00-094D-45A5-9F7D-E9012E1ED7C3}
	EndGlobalSection
EndGlobal
