
Microsoft Visual Studio Solution File, Format Version 12.00
# Visual Studio Version 16
VisualStudioVersion = 16.0.30717.126
MinimumVisualStudioVersion = 10.0.40219.1
Project("{FAE04EC0-301F-11D3-BF4B-00C04F79EFBC}") = "l8t22", "l8t22.csproj", "{B22CE580-031E-4F11-88A6-6CA30A1AA73C}"
EndProject
Global
	GlobalSection(SolutionConfigurationPlatforms) = preSolution
		Debug|Any CPU = Debug|Any CPU
		Release|Any CPU = Release|Any CPU
	EndGlobalSection
	GlobalSection(ProjectConfigurationPlatforms) = postSolution
		{B22CE580-031E-4F11-88A6-6CA30A1AA73C}.Debug|Any CPU.ActiveCfg = Debug|Any CPU
		{B22CE580-031E-4F11-88A6-6CA30A1AA73C}.Debug|Any CPU.Build.0 = Debug|Any CPU
		{B22CE580-031E-4F11-88A6-6CA30A1AA73C}.Release|Any CPU.ActiveCfg = Release|Any CPU
		{B22CE580-031E-4F11-88A6-6CA30A1AA73C}.Release|Any CPU.Build.0 = Release|Any CPU
	EndGlobalSection
	GlobalSection(SolutionProperties) = preSolution
		HideSolutionNode = FALSE
	EndGlobalSection
	GlobalSection(ExtensibilityGlobals) = postSolution
		SolutionGuid = {4D68ED9B-EC13-4C0B-843F-0B05F5BC023B}
	EndGlobalSection
EndGlobal
