
Microsoft Visual Studio Solution File, Format Version 12.00
# Visual Studio Version 16
VisualStudioVersion = 16.0.30717.126
MinimumVisualStudioVersion = 10.0.40219.1
Project("{FAE04EC0-301F-11D3-BF4B-00C04F79EFBC}") = "l6t21", "l6t21.csproj", "{E3CFBC36-8C12-4C12-BD81-FAA879DD476C}"
EndProject
Global
	GlobalSection(SolutionConfigurationPlatforms) = preSolution
		Debug|Any CPU = Debug|Any CPU
		Release|Any CPU = Release|Any CPU
	EndGlobalSection
	GlobalSection(ProjectConfigurationPlatforms) = postSolution
		{E3CFBC36-8C12-4C12-BD81-FAA879DD476C}.Debug|Any CPU.ActiveCfg = Debug|Any CPU
		{E3CFBC36-8C12-4C12-BD81-FAA879DD476C}.Debug|Any CPU.Build.0 = Debug|Any CPU
		{E3CFBC36-8C12-4C12-BD81-FAA879DD476C}.Release|Any CPU.ActiveCfg = Release|Any CPU
		{E3CFBC36-8C12-4C12-BD81-FAA879DD476C}.Release|Any CPU.Build.0 = Release|Any CPU
	EndGlobalSection
	GlobalSection(SolutionProperties) = preSolution
		HideSolutionNode = FALSE
	EndGlobalSection
	GlobalSection(ExtensibilityGlobals) = postSolution
		SolutionGuid = {9B44A521-DE5C-40E9-AD35-59603FD37217}
	EndGlobalSection
EndGlobal
