
Microsoft Visual Studio Solution File, Format Version 12.00
# Visual Studio Version 16
VisualStudioVersion = 16.0.30717.126
MinimumVisualStudioVersion = 10.0.40219.1
Project("{FAE04EC0-301F-11D3-BF4B-00C04F79EFBC}") = "l8t3", "l8t3.csproj", "{BEB35C46-4FE1-4F52-AFB5-0F2380C859A2}"
EndProject
Global
	GlobalSection(SolutionConfigurationPlatforms) = preSolution
		Debug|Any CPU = Debug|Any CPU
		Release|Any CPU = Release|Any CPU
	EndGlobalSection
	GlobalSection(ProjectConfigurationPlatforms) = postSolution
		{BEB35C46-4FE1-4F52-AFB5-0F2380C859A2}.Debug|Any CPU.ActiveCfg = Debug|Any CPU
		{BEB35C46-4FE1-4F52-AFB5-0F2380C859A2}.Debug|Any CPU.Build.0 = Debug|Any CPU
		{BEB35C46-4FE1-4F52-AFB5-0F2380C859A2}.Release|Any CPU.ActiveCfg = Release|Any CPU
		{BEB35C46-4FE1-4F52-AFB5-0F2380C859A2}.Release|Any CPU.Build.0 = Release|Any CPU
	EndGlobalSection
	GlobalSection(SolutionProperties) = preSolution
		HideSolutionNode = FALSE
	EndGlobalSection
	GlobalSection(ExtensibilityGlobals) = postSolution
		SolutionGuid = {0A7FAA3E-9147-42E3-B658-BF0162D2843A}
	EndGlobalSection
EndGlobal
