
Microsoft Visual Studio Solution File, Format Version 12.00
# Visual Studio Version 16
VisualStudioVersion = 16.0.30711.63
MinimumVisualStudioVersion = 10.0.40219.1
Project("{FAE04EC0-301F-11D3-BF4B-00C04F79EFBC}") = "l1t8", "l1t8.csproj", "{470CF891-7ADC-4E90-96EA-DF518950137E}"
EndProject
Global
	GlobalSection(SolutionConfigurationPlatforms) = preSolution
		Debug|Any CPU = Debug|Any CPU
		Release|Any CPU = Release|Any CPU
	EndGlobalSection
	GlobalSection(ProjectConfigurationPlatforms) = postSolution
		{470CF891-7ADC-4E90-96EA-DF518950137E}.Debug|Any CPU.ActiveCfg = Debug|Any CPU
		{470CF891-7ADC-4E90-96EA-DF518950137E}.Debug|Any CPU.Build.0 = Debug|Any CPU
		{470CF891-7ADC-4E90-96EA-DF518950137E}.Release|Any CPU.ActiveCfg = Release|Any CPU
		{470CF891-7ADC-4E90-96EA-DF518950137E}.Release|Any CPU.Build.0 = Release|Any CPU
	EndGlobalSection
	GlobalSection(SolutionProperties) = preSolution
		HideSolutionNode = FALSE
	EndGlobalSection
	GlobalSection(ExtensibilityGlobals) = postSolution
		SolutionGuid = {8594846C-A796-42D4-A858-B56D7932A32A}
	EndGlobalSection
EndGlobal
