
Microsoft Visual Studio Solution File, Format Version 12.00
# Visual Studio Version 16
VisualStudioVersion = 16.0.30717.126
MinimumVisualStudioVersion = 10.0.40219.1
Project("{FAE04EC0-301F-11D3-BF4B-00C04F79EFBC}") = "l5t12", "l5t12.csproj", "{703AA6A3-A3C3-45A4-8506-F3AE5990FFFF}"
EndProject
Global
	GlobalSection(SolutionConfigurationPlatforms) = preSolution
		Debug|Any CPU = Debug|Any CPU
		Release|Any CPU = Release|Any CPU
	EndGlobalSection
	GlobalSection(ProjectConfigurationPlatforms) = postSolution
		{703AA6A3-A3C3-45A4-8506-F3AE5990FFFF}.Debug|Any CPU.ActiveCfg = Debug|Any CPU
		{703AA6A3-A3C3-45A4-8506-F3AE5990FFFF}.Debug|Any CPU.Build.0 = Debug|Any CPU
		{703AA6A3-A3C3-45A4-8506-F3AE5990FFFF}.Release|Any CPU.ActiveCfg = Release|Any CPU
		{703AA6A3-A3C3-45A4-8506-F3AE5990FFFF}.Release|Any CPU.Build.0 = Release|Any CPU
	EndGlobalSection
	GlobalSection(SolutionProperties) = preSolution
		HideSolutionNode = FALSE
	EndGlobalSection
	GlobalSection(ExtensibilityGlobals) = postSolution
		SolutionGuid = {3F0C5D27-0776-447E-BD1C-B2FA322722B8}
	EndGlobalSection
EndGlobal
