
Microsoft Visual Studio Solution File, Format Version 12.00
# Visual Studio Version 16
VisualStudioVersion = 16.0.30711.63
MinimumVisualStudioVersion = 10.0.40219.1
Project("{FAE04EC0-301F-11D3-BF4B-00C04F79EFBC}") = "l10t17", "l10t17.csproj", "{A44D363D-DE73-4B98-91DF-ACCCAF5C5968}"
EndProject
Global
	GlobalSection(SolutionConfigurationPlatforms) = preSolution
		Debug|Any CPU = Debug|Any CPU
		Release|Any CPU = Release|Any CPU
	EndGlobalSection
	GlobalSection(ProjectConfigurationPlatforms) = postSolution
		{A44D363D-DE73-4B98-91DF-ACCCAF5C5968}.Debug|Any CPU.ActiveCfg = Debug|Any CPU
		{A44D363D-DE73-4B98-91DF-ACCCAF5C5968}.Debug|Any CPU.Build.0 = Debug|Any CPU
		{A44D363D-DE73-4B98-91DF-ACCCAF5C5968}.Release|Any CPU.ActiveCfg = Release|Any CPU
		{A44D363D-DE73-4B98-91DF-ACCCAF5C5968}.Release|Any CPU.Build.0 = Release|Any CPU
	EndGlobalSection
	GlobalSection(SolutionProperties) = preSolution
		HideSolutionNode = FALSE
	EndGlobalSection
	GlobalSection(ExtensibilityGlobals) = postSolution
		SolutionGuid = {726587F4-029C-4FC5-8958-B1D8D3878626}
	EndGlobalSection
EndGlobal
