
Microsoft Visual Studio Solution File, Format Version 12.00
# Visual Studio Version 16
VisualStudioVersion = 16.0.30717.126
MinimumVisualStudioVersion = 10.0.40219.1
Project("{FAE04EC0-301F-11D3-BF4B-00C04F79EFBC}") = "l4t9", "l4t9.csproj", "{0132A0C7-CBFE-4BD7-B7A0-6BB1F9E6D81E}"
EndProject
Global
	GlobalSection(SolutionConfigurationPlatforms) = preSolution
		Debug|Any CPU = Debug|Any CPU
		Release|Any CPU = Release|Any CPU
	EndGlobalSection
	GlobalSection(ProjectConfigurationPlatforms) = postSolution
		{0132A0C7-CBFE-4BD7-B7A0-6BB1F9E6D81E}.Debug|Any CPU.ActiveCfg = Debug|Any CPU
		{0132A0C7-CBFE-4BD7-B7A0-6BB1F9E6D81E}.Debug|Any CPU.Build.0 = Debug|Any CPU
		{0132A0C7-CBFE-4BD7-B7A0-6BB1F9E6D81E}.Release|Any CPU.ActiveCfg = Release|Any CPU
		{0132A0C7-CBFE-4BD7-B7A0-6BB1F9E6D81E}.Release|Any CPU.Build.0 = Release|Any CPU
	EndGlobalSection
	GlobalSection(SolutionProperties) = preSolution
		HideSolutionNode = FALSE
	EndGlobalSection
	GlobalSection(ExtensibilityGlobals) = postSolution
		SolutionGuid = {14BA0E48-F06D-46F3-BF33-C9E88706BDC8}
	EndGlobalSection
EndGlobal
