
Microsoft Visual Studio Solution File, Format Version 12.00
# Visual Studio Version 16
VisualStudioVersion = 16.0.30717.126
MinimumVisualStudioVersion = 10.0.40219.1
Project("{FAE04EC0-301F-11D3-BF4B-00C04F79EFBC}") = "l9t10", "l9t10.csproj", "{3E6199F8-FA20-462B-820A-136BE35C0C9B}"
EndProject
Global
	GlobalSection(SolutionConfigurationPlatforms) = preSolution
		Debug|Any CPU = Debug|Any CPU
		Release|Any CPU = Release|Any CPU
	EndGlobalSection
	GlobalSection(ProjectConfigurationPlatforms) = postSolution
		{3E6199F8-FA20-462B-820A-136BE35C0C9B}.Debug|Any CPU.ActiveCfg = Debug|Any CPU
		{3E6199F8-FA20-462B-820A-136BE35C0C9B}.Debug|Any CPU.Build.0 = Debug|Any CPU
		{3E6199F8-FA20-462B-820A-136BE35C0C9B}.Release|Any CPU.ActiveCfg = Release|Any CPU
		{3E6199F8-FA20-462B-820A-136BE35C0C9B}.Release|Any CPU.Build.0 = Release|Any CPU
	EndGlobalSection
	GlobalSection(SolutionProperties) = preSolution
		HideSolutionNode = FALSE
	EndGlobalSection
	GlobalSection(ExtensibilityGlobals) = postSolution
		SolutionGuid = {207DD6C3-0FD2-4490-8EB1-60902A21E06F}
	EndGlobalSection
EndGlobal
