
Microsoft Visual Studio Solution File, Format Version 12.00
# Visual Studio Version 16
VisualStudioVersion = 16.0.30717.126
MinimumVisualStudioVersion = 10.0.40219.1
Project("{FAE04EC0-301F-11D3-BF4B-00C04F79EFBC}") = "l6t16", "l6t16.csproj", "{744519C5-0233-4544-947B-18A1FFC8E476}"
EndProject
Global
	GlobalSection(SolutionConfigurationPlatforms) = preSolution
		Debug|Any CPU = Debug|Any CPU
		Release|Any CPU = Release|Any CPU
	EndGlobalSection
	GlobalSection(ProjectConfigurationPlatforms) = postSolution
		{744519C5-0233-4544-947B-18A1FFC8E476}.Debug|Any CPU.ActiveCfg = Debug|Any CPU
		{744519C5-0233-4544-947B-18A1FFC8E476}.Debug|Any CPU.Build.0 = Debug|Any CPU
		{744519C5-0233-4544-947B-18A1FFC8E476}.Release|Any CPU.ActiveCfg = Release|Any CPU
		{744519C5-0233-4544-947B-18A1FFC8E476}.Release|Any CPU.Build.0 = Release|Any CPU
	EndGlobalSection
	GlobalSection(SolutionProperties) = preSolution
		HideSolutionNode = FALSE
	EndGlobalSection
	GlobalSection(ExtensibilityGlobals) = postSolution
		SolutionGuid = {451BCC3F-CC4C-43BA-8DCE-87EE58E40A63}
	EndGlobalSection
EndGlobal
