
Microsoft Visual Studio Solution File, Format Version 12.00
# Visual Studio Version 16
VisualStudioVersion = 16.0.30717.126
MinimumVisualStudioVersion = 10.0.40219.1
Project("{FAE04EC0-301F-11D3-BF4B-00C04F79EFBC}") = "l9t11", "l9t11.csproj", "{DDD6BDD9-EC49-4E87-8169-B5552FA45AE7}"
EndProject
Global
	GlobalSection(SolutionConfigurationPlatforms) = preSolution
		Debug|Any CPU = Debug|Any CPU
		Release|Any CPU = Release|Any CPU
	EndGlobalSection
	GlobalSection(ProjectConfigurationPlatforms) = postSolution
		{DDD6BDD9-EC49-4E87-8169-B5552FA45AE7}.Debug|Any CPU.ActiveCfg = Debug|Any CPU
		{DDD6BDD9-EC49-4E87-8169-B5552FA45AE7}.Debug|Any CPU.Build.0 = Debug|Any CPU
		{DDD6BDD9-EC49-4E87-8169-B5552FA45AE7}.Release|Any CPU.ActiveCfg = Release|Any CPU
		{DDD6BDD9-EC49-4E87-8169-B5552FA45AE7}.Release|Any CPU.Build.0 = Release|Any CPU
	EndGlobalSection
	GlobalSection(SolutionProperties) = preSolution
		HideSolutionNode = FALSE
	EndGlobalSection
	GlobalSection(ExtensibilityGlobals) = postSolution
		SolutionGuid = {5264DA09-1447-4783-A5E4-2B818F33F015}
	EndGlobalSection
EndGlobal
