
Microsoft Visual Studio Solution File, Format Version 12.00
# Visual Studio Version 16
VisualStudioVersion = 16.0.30717.126
MinimumVisualStudioVersion = 10.0.40219.1
Project("{FAE04EC0-301F-11D3-BF4B-00C04F79EFBC}") = "l3t21", "l3t21.csproj", "{725AD236-03B1-443D-9A2D-F1DB55F9E2E2}"
EndProject
Global
	GlobalSection(SolutionConfigurationPlatforms) = preSolution
		Debug|Any CPU = Debug|Any CPU
		Release|Any CPU = Release|Any CPU
	EndGlobalSection
	GlobalSection(ProjectConfigurationPlatforms) = postSolution
		{725AD236-03B1-443D-9A2D-F1DB55F9E2E2}.Debug|Any CPU.ActiveCfg = Debug|Any CPU
		{725AD236-03B1-443D-9A2D-F1DB55F9E2E2}.Debug|Any CPU.Build.0 = Debug|Any CPU
		{725AD236-03B1-443D-9A2D-F1DB55F9E2E2}.Release|Any CPU.ActiveCfg = Release|Any CPU
		{725AD236-03B1-443D-9A2D-F1DB55F9E2E2}.Release|Any CPU.Build.0 = Release|Any CPU
	EndGlobalSection
	GlobalSection(SolutionProperties) = preSolution
		HideSolutionNode = FALSE
	EndGlobalSection
	GlobalSection(ExtensibilityGlobals) = postSolution
		SolutionGuid = {ADCE411B-4DD4-4E0E-88AC-C62A77250E17}
	EndGlobalSection
EndGlobal
