
Microsoft Visual Studio Solution File, Format Version 12.00
# Visual Studio Version 16
VisualStudioVersion = 16.0.30717.126
MinimumVisualStudioVersion = 10.0.40219.1
Project("{FAE04EC0-301F-11D3-BF4B-00C04F79EFBC}") = "l10t5", "l10t5.csproj", "{CCAD01BD-189F-46D9-BB3E-9EB06BB25901}"
EndProject
Global
	GlobalSection(SolutionConfigurationPlatforms) = preSolution
		Debug|Any CPU = Debug|Any CPU
		Release|Any CPU = Release|Any CPU
	EndGlobalSection
	GlobalSection(ProjectConfigurationPlatforms) = postSolution
		{CCAD01BD-189F-46D9-BB3E-9EB06BB25901}.Debug|Any CPU.ActiveCfg = Debug|Any CPU
		{CCAD01BD-189F-46D9-BB3E-9EB06BB25901}.Debug|Any CPU.Build.0 = Debug|Any CPU
		{CCAD01BD-189F-46D9-BB3E-9EB06BB25901}.Release|Any CPU.ActiveCfg = Release|Any CPU
		{CCAD01BD-189F-46D9-BB3E-9EB06BB25901}.Release|Any CPU.Build.0 = Release|Any CPU
	EndGlobalSection
	GlobalSection(SolutionProperties) = preSolution
		HideSolutionNode = FALSE
	EndGlobalSection
	GlobalSection(ExtensibilityGlobals) = postSolution
		SolutionGuid = {B602CB3B-628C-4AEA-9C6E-C42A86CB1473}
	EndGlobalSection
EndGlobal
