
Microsoft Visual Studio Solution File, Format Version 12.00
# Visual Studio Version 16
VisualStudioVersion = 16.0.30711.63
MinimumVisualStudioVersion = 10.0.40219.1
Project("{FAE04EC0-301F-11D3-BF4B-00C04F79EFBC}") = "l8t12", "l8t12.csproj", "{95D47A8C-A359-4D65-A45B-7924F521D0C2}"
EndProject
Global
	GlobalSection(SolutionConfigurationPlatforms) = preSolution
		Debug|Any CPU = Debug|Any CPU
		Release|Any CPU = Release|Any CPU
	EndGlobalSection
	GlobalSection(ProjectConfigurationPlatforms) = postSolution
		{95D47A8C-A359-4D65-A45B-7924F521D0C2}.Debug|Any CPU.ActiveCfg = Debug|Any CPU
		{95D47A8C-A359-4D65-A45B-7924F521D0C2}.Debug|Any CPU.Build.0 = Debug|Any CPU
		{95D47A8C-A359-4D65-A45B-7924F521D0C2}.Release|Any CPU.ActiveCfg = Release|Any CPU
		{95D47A8C-A359-4D65-A45B-7924F521D0C2}.Release|Any CPU.Build.0 = Release|Any CPU
	EndGlobalSection
	GlobalSection(SolutionProperties) = preSolution
		HideSolutionNode = FALSE
	EndGlobalSection
	GlobalSection(ExtensibilityGlobals) = postSolution
		SolutionGuid = {A7E08B62-FFC0-4B2E-9E45-BCFD0F29887C}
	EndGlobalSection
EndGlobal
