
Microsoft Visual Studio Solution File, Format Version 12.00
# Visual Studio Version 16
VisualStudioVersion = 16.0.30717.126
MinimumVisualStudioVersion = 10.0.40219.1
Project("{FAE04EC0-301F-11D3-BF4B-00C04F79EFBC}") = "l5t16", "l5t16.csproj", "{4BF74D63-E282-4CAC-9811-2897538E25A6}"
EndProject
Global
	GlobalSection(SolutionConfigurationPlatforms) = preSolution
		Debug|Any CPU = Debug|Any CPU
		Release|Any CPU = Release|Any CPU
	EndGlobalSection
	GlobalSection(ProjectConfigurationPlatforms) = postSolution
		{4BF74D63-E282-4CAC-9811-2897538E25A6}.Debug|Any CPU.ActiveCfg = Debug|Any CPU
		{4BF74D63-E282-4CAC-9811-2897538E25A6}.Debug|Any CPU.Build.0 = Debug|Any CPU
		{4BF74D63-E282-4CAC-9811-2897538E25A6}.Release|Any CPU.ActiveCfg = Release|Any CPU
		{4BF74D63-E282-4CAC-9811-2897538E25A6}.Release|Any CPU.Build.0 = Release|Any CPU
	EndGlobalSection
	GlobalSection(SolutionProperties) = preSolution
		HideSolutionNode = FALSE
	EndGlobalSection
	GlobalSection(ExtensibilityGlobals) = postSolution
		SolutionGuid = {14E14962-7C3E-471F-9E37-74DF9B0C5ABC}
	EndGlobalSection
EndGlobal
