
Microsoft Visual Studio Solution File, Format Version 12.00
# Visual Studio Version 16
VisualStudioVersion = 16.0.30711.63
MinimumVisualStudioVersion = 10.0.40219.1
Project("{FAE04EC0-301F-11D3-BF4B-00C04F79EFBC}") = "l10t18", "l10t18.csproj", "{2B3C4083-C215-43CC-ABB9-0001BCB96E1A}"
EndProject
Global
	GlobalSection(SolutionConfigurationPlatforms) = preSolution
		Debug|Any CPU = Debug|Any CPU
		Release|Any CPU = Release|Any CPU
	EndGlobalSection
	GlobalSection(ProjectConfigurationPlatforms) = postSolution
		{2B3C4083-C215-43CC-ABB9-0001BCB96E1A}.Debug|Any CPU.ActiveCfg = Debug|Any CPU
		{2B3C4083-C215-43CC-ABB9-0001BCB96E1A}.Debug|Any CPU.Build.0 = Debug|Any CPU
		{2B3C4083-C215-43CC-ABB9-0001BCB96E1A}.Release|Any CPU.ActiveCfg = Release|Any CPU
		{2B3C4083-C215-43CC-ABB9-0001BCB96E1A}.Release|Any CPU.Build.0 = Release|Any CPU
	EndGlobalSection
	GlobalSection(SolutionProperties) = preSolution
		HideSolutionNode = FALSE
	EndGlobalSection
	GlobalSection(ExtensibilityGlobals) = postSolution
		SolutionGuid = {E6C09AFD-3CA1-4BCA-84BE-53452CFBF0AE}
	EndGlobalSection
EndGlobal
