
Microsoft Visual Studio Solution File, Format Version 12.00
# Visual Studio Version 16
VisualStudioVersion = 16.0.30711.63
MinimumVisualStudioVersion = 10.0.40219.1
Project("{FAE04EC0-301F-11D3-BF4B-00C04F79EFBC}") = "l2t24", "l2t24.csproj", "{5EB06606-BD1D-421B-87D0-166508722B4E}"
EndProject
Global
	GlobalSection(SolutionConfigurationPlatforms) = preSolution
		Debug|Any CPU = Debug|Any CPU
		Release|Any CPU = Release|Any CPU
	EndGlobalSection
	GlobalSection(ProjectConfigurationPlatforms) = postSolution
		{5EB06606-BD1D-421B-87D0-166508722B4E}.Debug|Any CPU.ActiveCfg = Debug|Any CPU
		{5EB06606-BD1D-421B-87D0-166508722B4E}.Debug|Any CPU.Build.0 = Debug|Any CPU
		{5EB06606-BD1D-421B-87D0-166508722B4E}.Release|Any CPU.ActiveCfg = Release|Any CPU
		{5EB06606-BD1D-421B-87D0-166508722B4E}.Release|Any CPU.Build.0 = Release|Any CPU
	EndGlobalSection
	GlobalSection(SolutionProperties) = preSolution
		HideSolutionNode = FALSE
	EndGlobalSection
	GlobalSection(ExtensibilityGlobals) = postSolution
		SolutionGuid = {094E0A92-3D58-40FD-87A5-0B8935CA7E64}
	EndGlobalSection
EndGlobal
