
Microsoft Visual Studio Solution File, Format Version 12.00
# Visual Studio Version 16
VisualStudioVersion = 16.0.30717.126
MinimumVisualStudioVersion = 10.0.40219.1
Project("{FAE04EC0-301F-11D3-BF4B-00C04F79EFBC}") = "l7t16", "l7t16.csproj", "{F6EFA462-DA19-48F3-AFB5-9CB6730D5622}"
EndProject
Global
	GlobalSection(SolutionConfigurationPlatforms) = preSolution
		Debug|Any CPU = Debug|Any CPU
		Release|Any CPU = Release|Any CPU
	EndGlobalSection
	GlobalSection(ProjectConfigurationPlatforms) = postSolution
		{F6EFA462-DA19-48F3-AFB5-9CB6730D5622}.Debug|Any CPU.ActiveCfg = Debug|Any CPU
		{F6EFA462-DA19-48F3-AFB5-9CB6730D5622}.Debug|Any CPU.Build.0 = Debug|Any CPU
		{F6EFA462-DA19-48F3-AFB5-9CB6730D5622}.Release|Any CPU.ActiveCfg = Release|Any CPU
		{F6EFA462-DA19-48F3-AFB5-9CB6730D5622}.Release|Any CPU.Build.0 = Release|Any CPU
	EndGlobalSection
	GlobalSection(SolutionProperties) = preSolution
		HideSolutionNode = FALSE
	EndGlobalSection
	GlobalSection(ExtensibilityGlobals) = postSolution
		SolutionGuid = {589339DB-4584-4E80-A51E-FEB8DB83BA63}
	EndGlobalSection
EndGlobal
