
Microsoft Visual Studio Solution File, Format Version 12.00
# Visual Studio Version 16
VisualStudioVersion = 16.0.30717.126
MinimumVisualStudioVersion = 10.0.40219.1
Project("{FAE04EC0-301F-11D3-BF4B-00C04F79EFBC}") = "l5t22", "l5t22.csproj", "{D15BD912-84A1-4219-8DF7-9C923338D68F}"
EndProject
Global
	GlobalSection(SolutionConfigurationPlatforms) = preSolution
		Debug|Any CPU = Debug|Any CPU
		Release|Any CPU = Release|Any CPU
	EndGlobalSection
	GlobalSection(ProjectConfigurationPlatforms) = postSolution
		{D15BD912-84A1-4219-8DF7-9C923338D68F}.Debug|Any CPU.ActiveCfg = Debug|Any CPU
		{D15BD912-84A1-4219-8DF7-9C923338D68F}.Debug|Any CPU.Build.0 = Debug|Any CPU
		{D15BD912-84A1-4219-8DF7-9C923338D68F}.Release|Any CPU.ActiveCfg = Release|Any CPU
		{D15BD912-84A1-4219-8DF7-9C923338D68F}.Release|Any CPU.Build.0 = Release|Any CPU
	EndGlobalSection
	GlobalSection(SolutionProperties) = preSolution
		HideSolutionNode = FALSE
	EndGlobalSection
	GlobalSection(ExtensibilityGlobals) = postSolution
		SolutionGuid = {DA090185-87E0-4BE9-AA66-4113A35530E8}
	EndGlobalSection
EndGlobal
