
Microsoft Visual Studio Solution File, Format Version 12.00
# Visual Studio Version 16
VisualStudioVersion = 16.0.30711.63
MinimumVisualStudioVersion = 10.0.40219.1
Project("{FAE04EC0-301F-11D3-BF4B-00C04F79EFBC}") = "l9t17", "l9t17.csproj", "{5B150132-30D7-47A2-8224-8482BB3B7565}"
EndProject
Global
	GlobalSection(SolutionConfigurationPlatforms) = preSolution
		Debug|Any CPU = Debug|Any CPU
		Release|Any CPU = Release|Any CPU
	EndGlobalSection
	GlobalSection(ProjectConfigurationPlatforms) = postSolution
		{5B150132-30D7-47A2-8224-8482BB3B7565}.Debug|Any CPU.ActiveCfg = Debug|Any CPU
		{5B150132-30D7-47A2-8224-8482BB3B7565}.Debug|Any CPU.Build.0 = Debug|Any CPU
		{5B150132-30D7-47A2-8224-8482BB3B7565}.Release|Any CPU.ActiveCfg = Release|Any CPU
		{5B150132-30D7-47A2-8224-8482BB3B7565}.Release|Any CPU.Build.0 = Release|Any CPU
	EndGlobalSection
	GlobalSection(SolutionProperties) = preSolution
		HideSolutionNode = FALSE
	EndGlobalSection
	GlobalSection(ExtensibilityGlobals) = postSolution
		SolutionGuid = {D6C2AA42-0EE7-4DD2-8EC1-7474D5A90C35}
	EndGlobalSection
EndGlobal
