
Microsoft Visual Studio Solution File, Format Version 12.00
# Visual Studio Version 16
VisualStudioVersion = 16.0.30717.126
MinimumVisualStudioVersion = 10.0.40219.1
Project("{FAE04EC0-301F-11D3-BF4B-00C04F79EFBC}") = "l6t18", "l6t18.csproj", "{CA3D7F48-56DA-4568-9663-2C3947DDD40D}"
EndProject
Global
	GlobalSection(SolutionConfigurationPlatforms) = preSolution
		Debug|Any CPU = Debug|Any CPU
		Release|Any CPU = Release|Any CPU
	EndGlobalSection
	GlobalSection(ProjectConfigurationPlatforms) = postSolution
		{CA3D7F48-56DA-4568-9663-2C3947DDD40D}.Debug|Any CPU.ActiveCfg = Debug|Any CPU
		{CA3D7F48-56DA-4568-9663-2C3947DDD40D}.Debug|Any CPU.Build.0 = Debug|Any CPU
		{CA3D7F48-56DA-4568-9663-2C3947DDD40D}.Release|Any CPU.ActiveCfg = Release|Any CPU
		{CA3D7F48-56DA-4568-9663-2C3947DDD40D}.Release|Any CPU.Build.0 = Release|Any CPU
	EndGlobalSection
	GlobalSection(SolutionProperties) = preSolution
		HideSolutionNode = FALSE
	EndGlobalSection
	GlobalSection(ExtensibilityGlobals) = postSolution
		SolutionGuid = {99E08B92-E6A8-4549-98D6-C6221E9A1005}
	EndGlobalSection
EndGlobal
