
Microsoft Visual Studio Solution File, Format Version 12.00
# Visual Studio Version 16
VisualStudioVersion = 16.0.30717.126
MinimumVisualStudioVersion = 10.0.40219.1
Project("{FAE04EC0-301F-11D3-BF4B-00C04F79EFBC}") = "l3t28", "l3t28.csproj", "{1F196CB5-B0FC-45C5-9B01-9A406F559523}"
EndProject
Global
	GlobalSection(SolutionConfigurationPlatforms) = preSolution
		Debug|Any CPU = Debug|Any CPU
		Release|Any CPU = Release|Any CPU
	EndGlobalSection
	GlobalSection(ProjectConfigurationPlatforms) = postSolution
		{1F196CB5-B0FC-45C5-9B01-9A406F559523}.Debug|Any CPU.ActiveCfg = Debug|Any CPU
		{1F196CB5-B0FC-45C5-9B01-9A406F559523}.Debug|Any CPU.Build.0 = Debug|Any CPU
		{1F196CB5-B0FC-45C5-9B01-9A406F559523}.Release|Any CPU.ActiveCfg = Release|Any CPU
		{1F196CB5-B0FC-45C5-9B01-9A406F559523}.Release|Any CPU.Build.0 = Release|Any CPU
	EndGlobalSection
	GlobalSection(SolutionProperties) = preSolution
		HideSolutionNode = FALSE
	EndGlobalSection
	GlobalSection(ExtensibilityGlobals) = postSolution
		SolutionGuid = {6255D383-603B-412E-9E55-2A538B824AAD}
	EndGlobalSection
EndGlobal
