
Microsoft Visual Studio Solution File, Format Version 12.00
# Visual Studio Version 16
VisualStudioVersion = 16.0.30717.126
MinimumVisualStudioVersion = 10.0.40219.1
Project("{FAE04EC0-301F-11D3-BF4B-00C04F79EFBC}") = "l3t13", "l3t13.csproj", "{012CCD9F-C2DF-4DE3-8393-11510DA21EEC}"
EndProject
Global
	GlobalSection(SolutionConfigurationPlatforms) = preSolution
		Debug|Any CPU = Debug|Any CPU
		Release|Any CPU = Release|Any CPU
	EndGlobalSection
	GlobalSection(ProjectConfigurationPlatforms) = postSolution
		{012CCD9F-C2DF-4DE3-8393-11510DA21EEC}.Debug|Any CPU.ActiveCfg = Debug|Any CPU
		{012CCD9F-C2DF-4DE3-8393-11510DA21EEC}.Debug|Any CPU.Build.0 = Debug|Any CPU
		{012CCD9F-C2DF-4DE3-8393-11510DA21EEC}.Release|Any CPU.ActiveCfg = Release|Any CPU
		{012CCD9F-C2DF-4DE3-8393-11510DA21EEC}.Release|Any CPU.Build.0 = Release|Any CPU
	EndGlobalSection
	GlobalSection(SolutionProperties) = preSolution
		HideSolutionNode = FALSE
	EndGlobalSection
	GlobalSection(ExtensibilityGlobals) = postSolution
		SolutionGuid = {AEEB067F-73DD-47D1-86FC-3FF576BCB9DD}
	EndGlobalSection
EndGlobal
