
Microsoft Visual Studio Solution File, Format Version 12.00
# Visual Studio Version 16
VisualStudioVersion = 16.0.30711.63
MinimumVisualStudioVersion = 10.0.40219.1
Project("{FAE04EC0-301F-11D3-BF4B-00C04F79EFBC}") = "l10t2", "l10t2.csproj", "{6141985B-700A-4F9A-A93F-1C435334D7AD}"
EndProject
Global
	GlobalSection(SolutionConfigurationPlatforms) = preSolution
		Debug|Any CPU = Debug|Any CPU
		Release|Any CPU = Release|Any CPU
	EndGlobalSection
	GlobalSection(ProjectConfigurationPlatforms) = postSolution
		{6141985B-700A-4F9A-A93F-1C435334D7AD}.Debug|Any CPU.ActiveCfg = Debug|Any CPU
		{6141985B-700A-4F9A-A93F-1C435334D7AD}.Debug|Any CPU.Build.0 = Debug|Any CPU
		{6141985B-700A-4F9A-A93F-1C435334D7AD}.Release|Any CPU.ActiveCfg = Release|Any CPU
		{6141985B-700A-4F9A-A93F-1C435334D7AD}.Release|Any CPU.Build.0 = Release|Any CPU
	EndGlobalSection
	GlobalSection(SolutionProperties) = preSolution
		HideSolutionNode = FALSE
	EndGlobalSection
	GlobalSection(ExtensibilityGlobals) = postSolution
		SolutionGuid = {DA4D0FDA-F604-40DC-BABB-C0BCEAF41490}
	EndGlobalSection
EndGlobal
