
Microsoft Visual Studio Solution File, Format Version 12.00
# Visual Studio Version 16
VisualStudioVersion = 16.0.30717.126
MinimumVisualStudioVersion = 10.0.40219.1
Project("{FAE04EC0-301F-11D3-BF4B-00C04F79EFBC}") = "l7t17", "l7t17.csproj", "{7A867585-7FF5-49EC-B2BF-84057260817C}"
EndProject
Global
	GlobalSection(SolutionConfigurationPlatforms) = preSolution
		Debug|Any CPU = Debug|Any CPU
		Release|Any CPU = Release|Any CPU
	EndGlobalSection
	GlobalSection(ProjectConfigurationPlatforms) = postSolution
		{7A867585-7FF5-49EC-B2BF-84057260817C}.Debug|Any CPU.ActiveCfg = Debug|Any CPU
		{7A867585-7FF5-49EC-B2BF-84057260817C}.Debug|Any CPU.Build.0 = Debug|Any CPU
		{7A867585-7FF5-49EC-B2BF-84057260817C}.Release|Any CPU.ActiveCfg = Release|Any CPU
		{7A867585-7FF5-49EC-B2BF-84057260817C}.Release|Any CPU.Build.0 = Release|Any CPU
	EndGlobalSection
	GlobalSection(SolutionProperties) = preSolution
		HideSolutionNode = FALSE
	EndGlobalSection
	GlobalSection(ExtensibilityGlobals) = postSolution
		SolutionGuid = {AC9BBCC1-096C-4062-8CC1-E0248CB732C3}
	EndGlobalSection
EndGlobal
