
Microsoft Visual Studio Solution File, Format Version 12.00
# Visual Studio Version 16
VisualStudioVersion = 16.0.30711.63
MinimumVisualStudioVersion = 10.0.40219.1
Project("{FAE04EC0-301F-11D3-BF4B-00C04F79EFBC}") = "l1t6", "l1t6.csproj", "{7E2CA67D-1637-427B-8F7B-2F6904FDAA1A}"
EndProject
Global
	GlobalSection(SolutionConfigurationPlatforms) = preSolution
		Debug|Any CPU = Debug|Any CPU
		Release|Any CPU = Release|Any CPU
	EndGlobalSection
	GlobalSection(ProjectConfigurationPlatforms) = postSolution
		{7E2CA67D-1637-427B-8F7B-2F6904FDAA1A}.Debug|Any CPU.ActiveCfg = Debug|Any CPU
		{7E2CA67D-1637-427B-8F7B-2F6904FDAA1A}.Debug|Any CPU.Build.0 = Debug|Any CPU
		{7E2CA67D-1637-427B-8F7B-2F6904FDAA1A}.Release|Any CPU.ActiveCfg = Release|Any CPU
		{7E2CA67D-1637-427B-8F7B-2F6904FDAA1A}.Release|Any CPU.Build.0 = Release|Any CPU
	EndGlobalSection
	GlobalSection(SolutionProperties) = preSolution
		HideSolutionNode = FALSE
	EndGlobalSection
	GlobalSection(ExtensibilityGlobals) = postSolution
		SolutionGuid = {BEAC1EAF-A289-442E-A164-E0DE65A87E84}
	EndGlobalSection
EndGlobal
