
Microsoft Visual Studio Solution File, Format Version 12.00
# Visual Studio Version 16
VisualStudioVersion = 16.0.30717.126
MinimumVisualStudioVersion = 10.0.40219.1
Project("{FAE04EC0-301F-11D3-BF4B-00C04F79EFBC}") = "l9t19", "l9t19.csproj", "{0431839C-7C74-4934-9208-9F82EA2587F5}"
EndProject
Global
	GlobalSection(SolutionConfigurationPlatforms) = preSolution
		Debug|Any CPU = Debug|Any CPU
		Release|Any CPU = Release|Any CPU
	EndGlobalSection
	GlobalSection(ProjectConfigurationPlatforms) = postSolution
		{0431839C-7C74-4934-9208-9F82EA2587F5}.Debug|Any CPU.ActiveCfg = Debug|Any CPU
		{0431839C-7C74-4934-9208-9F82EA2587F5}.Debug|Any CPU.Build.0 = Debug|Any CPU
		{0431839C-7C74-4934-9208-9F82EA2587F5}.Release|Any CPU.ActiveCfg = Release|Any CPU
		{0431839C-7C74-4934-9208-9F82EA2587F5}.Release|Any CPU.Build.0 = Release|Any CPU
	EndGlobalSection
	GlobalSection(SolutionProperties) = preSolution
		HideSolutionNode = FALSE
	EndGlobalSection
	GlobalSection(ExtensibilityGlobals) = postSolution
		SolutionGuid = {70F603CA-F70C-476D-BC0F-F4A03F153FA9}
	EndGlobalSection
EndGlobal
