
Microsoft Visual Studio Solution File, Format Version 12.00
# Visual Studio Version 16
VisualStudioVersion = 16.0.30717.126
MinimumVisualStudioVersion = 10.0.40219.1
Project("{FAE04EC0-301F-11D3-BF4B-00C04F79EFBC}") = "l8t17", "l8t17.csproj", "{D14ED3A6-DB6D-4198-A96B-2BC32A8F1DDE}"
EndProject
Global
	GlobalSection(SolutionConfigurationPlatforms) = preSolution
		Debug|Any CPU = Debug|Any CPU
		Release|Any CPU = Release|Any CPU
	EndGlobalSection
	GlobalSection(ProjectConfigurationPlatforms) = postSolution
		{D14ED3A6-DB6D-4198-A96B-2BC32A8F1DDE}.Debug|Any CPU.ActiveCfg = Debug|Any CPU
		{D14ED3A6-DB6D-4198-A96B-2BC32A8F1DDE}.Debug|Any CPU.Build.0 = Debug|Any CPU
		{D14ED3A6-DB6D-4198-A96B-2BC32A8F1DDE}.Release|Any CPU.ActiveCfg = Release|Any CPU
		{D14ED3A6-DB6D-4198-A96B-2BC32A8F1DDE}.Release|Any CPU.Build.0 = Release|Any CPU
	EndGlobalSection
	GlobalSection(SolutionProperties) = preSolution
		HideSolutionNode = FALSE
	EndGlobalSection
	GlobalSection(ExtensibilityGlobals) = postSolution
		SolutionGuid = {E610A3E6-349B-4E51-AB9B-CF6057979511}
	EndGlobalSection
EndGlobal
