
Microsoft Visual Studio Solution File, Format Version 12.00
# Visual Studio Version 16
VisualStudioVersion = 16.0.30717.126
MinimumVisualStudioVersion = 10.0.40219.1
Project("{FAE04EC0-301F-11D3-BF4B-00C04F79EFBC}") = "l7t11", "l7t11.csproj", "{18426FEA-B21C-4802-A52E-7FC8569DC79D}"
EndProject
Global
	GlobalSection(SolutionConfigurationPlatforms) = preSolution
		Debug|Any CPU = Debug|Any CPU
		Release|Any CPU = Release|Any CPU
	EndGlobalSection
	GlobalSection(ProjectConfigurationPlatforms) = postSolution
		{18426FEA-B21C-4802-A52E-7FC8569DC79D}.Debug|Any CPU.ActiveCfg = Debug|Any CPU
		{18426FEA-B21C-4802-A52E-7FC8569DC79D}.Debug|Any CPU.Build.0 = Debug|Any CPU
		{18426FEA-B21C-4802-A52E-7FC8569DC79D}.Release|Any CPU.ActiveCfg = Release|Any CPU
		{18426FEA-B21C-4802-A52E-7FC8569DC79D}.Release|Any CPU.Build.0 = Release|Any CPU
	EndGlobalSection
	GlobalSection(SolutionProperties) = preSolution
		HideSolutionNode = FALSE
	EndGlobalSection
	GlobalSection(ExtensibilityGlobals) = postSolution
		SolutionGuid = {66EBE9E8-E953-4DE0-BC69-271473D7A87C}
	EndGlobalSection
EndGlobal
