
Microsoft Visual Studio Solution File, Format Version 12.00
# Visual Studio Version 16
VisualStudioVersion = 16.0.30717.126
MinimumVisualStudioVersion = 10.0.40219.1
Project("{FAE04EC0-301F-11D3-BF4B-00C04F79EFBC}") = "l7t8", "l7t8.csproj", "{976D10E9-11F5-42B9-B372-B750D3CC6F10}"
EndProject
Global
	GlobalSection(SolutionConfigurationPlatforms) = preSolution
		Debug|Any CPU = Debug|Any CPU
		Release|Any CPU = Release|Any CPU
	EndGlobalSection
	GlobalSection(ProjectConfigurationPlatforms) = postSolution
		{976D10E9-11F5-42B9-B372-B750D3CC6F10}.Debug|Any CPU.ActiveCfg = Debug|Any CPU
		{976D10E9-11F5-42B9-B372-B750D3CC6F10}.Debug|Any CPU.Build.0 = Debug|Any CPU
		{976D10E9-11F5-42B9-B372-B750D3CC6F10}.Release|Any CPU.ActiveCfg = Release|Any CPU
		{976D10E9-11F5-42B9-B372-B750D3CC6F10}.Release|Any CPU.Build.0 = Release|Any CPU
	EndGlobalSection
	GlobalSection(SolutionProperties) = preSolution
		HideSolutionNode = FALSE
	EndGlobalSection
	GlobalSection(ExtensibilityGlobals) = postSolution
		SolutionGuid = {D0927C1D-83B7-428E-850E-B8B3AD5A752D}
	EndGlobalSection
EndGlobal
