
Microsoft Visual Studio Solution File, Format Version 12.00
# Visual Studio Version 16
VisualStudioVersion = 16.0.30711.63
MinimumVisualStudioVersion = 10.0.40219.1
Project("{FAE04EC0-301F-11D3-BF4B-00C04F79EFBC}") = "l1t5", "l1t5.csproj", "{56202FF1-F23A-42E8-B0FE-994736DDBB3B}"
EndProject
Global
	GlobalSection(SolutionConfigurationPlatforms) = preSolution
		Debug|Any CPU = Debug|Any CPU
		Release|Any CPU = Release|Any CPU
	EndGlobalSection
	GlobalSection(ProjectConfigurationPlatforms) = postSolution
		{56202FF1-F23A-42E8-B0FE-994736DDBB3B}.Debug|Any CPU.ActiveCfg = Debug|Any CPU
		{56202FF1-F23A-42E8-B0FE-994736DDBB3B}.Debug|Any CPU.Build.0 = Debug|Any CPU
		{56202FF1-F23A-42E8-B0FE-994736DDBB3B}.Release|Any CPU.ActiveCfg = Release|Any CPU
		{56202FF1-F23A-42E8-B0FE-994736DDBB3B}.Release|Any CPU.Build.0 = Release|Any CPU
	EndGlobalSection
	GlobalSection(SolutionProperties) = preSolution
		HideSolutionNode = FALSE
	EndGlobalSection
	GlobalSection(ExtensibilityGlobals) = postSolution
		SolutionGuid = {D83DDA16-D056-43F6-946A-05AC7A633078}
	EndGlobalSection
EndGlobal
