
Microsoft Visual Studio Solution File, Format Version 12.00
# Visual Studio Version 16
VisualStudioVersion = 16.0.30717.126
MinimumVisualStudioVersion = 10.0.40219.1
Project("{FAE04EC0-301F-11D3-BF4B-00C04F79EFBC}") = "l8t14", "l8t14.csproj", "{D69F55A2-BF4B-40C3-89F3-663034DC0F7E}"
EndProject
Global
	GlobalSection(SolutionConfigurationPlatforms) = preSolution
		Debug|Any CPU = Debug|Any CPU
		Release|Any CPU = Release|Any CPU
	EndGlobalSection
	GlobalSection(ProjectConfigurationPlatforms) = postSolution
		{D69F55A2-BF4B-40C3-89F3-663034DC0F7E}.Debug|Any CPU.ActiveCfg = Debug|Any CPU
		{D69F55A2-BF4B-40C3-89F3-663034DC0F7E}.Debug|Any CPU.Build.0 = Debug|Any CPU
		{D69F55A2-BF4B-40C3-89F3-663034DC0F7E}.Release|Any CPU.ActiveCfg = Release|Any CPU
		{D69F55A2-BF4B-40C3-89F3-663034DC0F7E}.Release|Any CPU.Build.0 = Release|Any CPU
	EndGlobalSection
	GlobalSection(SolutionProperties) = preSolution
		HideSolutionNode = FALSE
	EndGlobalSection
	GlobalSection(ExtensibilityGlobals) = postSolution
		SolutionGuid = {EBC6C160-BF4D-4979-AD1B-588A63FEB3A8}
	EndGlobalSection
EndGlobal
