
Microsoft Visual Studio Solution File, Format Version 12.00
# Visual Studio Version 16
VisualStudioVersion = 16.0.30717.126
MinimumVisualStudioVersion = 10.0.40219.1
Project("{FAE04EC0-301F-11D3-BF4B-00C04F79EFBC}") = "l3t17", "l3t17.csproj", "{98562831-E584-4418-9B70-6B4439F48802}"
EndProject
Global
	GlobalSection(SolutionConfigurationPlatforms) = preSolution
		Debug|Any CPU = Debug|Any CPU
		Release|Any CPU = Release|Any CPU
	EndGlobalSection
	GlobalSection(ProjectConfigurationPlatforms) = postSolution
		{98562831-E584-4418-9B70-6B4439F48802}.Debug|Any CPU.ActiveCfg = Debug|Any CPU
		{98562831-E584-4418-9B70-6B4439F48802}.Debug|Any CPU.Build.0 = Debug|Any CPU
		{98562831-E584-4418-9B70-6B4439F48802}.Release|Any CPU.ActiveCfg = Release|Any CPU
		{98562831-E584-4418-9B70-6B4439F48802}.Release|Any CPU.Build.0 = Release|Any CPU
	EndGlobalSection
	GlobalSection(SolutionProperties) = preSolution
		HideSolutionNode = FALSE
	EndGlobalSection
	GlobalSection(ExtensibilityGlobals) = postSolution
		SolutionGuid = {C29681DE-773F-46D4-B0BC-2FDD9C76C6E8}
	EndGlobalSection
EndGlobal
