
Microsoft Visual Studio Solution File, Format Version 12.00
# Visual Studio Version 16
VisualStudioVersion = 16.0.30711.63
MinimumVisualStudioVersion = 10.0.40219.1
Project("{FAE04EC0-301F-11D3-BF4B-00C04F79EFBC}") = "l10t13", "l10t13.csproj", "{A7133FEB-7B63-4D62-B4D0-0C0494E62AF4}"
EndProject
Global
	GlobalSection(SolutionConfigurationPlatforms) = preSolution
		Debug|Any CPU = Debug|Any CPU
		Release|Any CPU = Release|Any CPU
	EndGlobalSection
	GlobalSection(ProjectConfigurationPlatforms) = postSolution
		{A7133FEB-7B63-4D62-B4D0-0C0494E62AF4}.Debug|Any CPU.ActiveCfg = Debug|Any CPU
		{A7133FEB-7B63-4D62-B4D0-0C0494E62AF4}.Debug|Any CPU.Build.0 = Debug|Any CPU
		{A7133FEB-7B63-4D62-B4D0-0C0494E62AF4}.Release|Any CPU.ActiveCfg = Release|Any CPU
		{A7133FEB-7B63-4D62-B4D0-0C0494E62AF4}.Release|Any CPU.Build.0 = Release|Any CPU
	EndGlobalSection
	GlobalSection(SolutionProperties) = preSolution
		HideSolutionNode = FALSE
	EndGlobalSection
	GlobalSection(ExtensibilityGlobals) = postSolution
		SolutionGuid = {F369C33E-79F7-4858-8571-C10D57D628CC}
	EndGlobalSection
EndGlobal
