
Microsoft Visual Studio Solution File, Format Version 12.00
# Visual Studio Version 16
VisualStudioVersion = 16.0.30717.126
MinimumVisualStudioVersion = 10.0.40219.1
Project("{FAE04EC0-301F-11D3-BF4B-00C04F79EFBC}") = "l9t5", "l9t5.csproj", "{0AFAE5B0-7DAB-4CB4-941C-DC6054478320}"
EndProject
Global
	GlobalSection(SolutionConfigurationPlatforms) = preSolution
		Debug|Any CPU = Debug|Any CPU
		Release|Any CPU = Release|Any CPU
	EndGlobalSection
	GlobalSection(ProjectConfigurationPlatforms) = postSolution
		{0AFAE5B0-7DAB-4CB4-941C-DC6054478320}.Debug|Any CPU.ActiveCfg = Debug|Any CPU
		{0AFAE5B0-7DAB-4CB4-941C-DC6054478320}.Debug|Any CPU.Build.0 = Debug|Any CPU
		{0AFAE5B0-7DAB-4CB4-941C-DC6054478320}.Release|Any CPU.ActiveCfg = Release|Any CPU
		{0AFAE5B0-7DAB-4CB4-941C-DC6054478320}.Release|Any CPU.Build.0 = Release|Any CPU
	EndGlobalSection
	GlobalSection(SolutionProperties) = preSolution
		HideSolutionNode = FALSE
	EndGlobalSection
	GlobalSection(ExtensibilityGlobals) = postSolution
		SolutionGuid = {3385701D-F33C-4646-8A45-F9134C5E0B2B}
	EndGlobalSection
EndGlobal
