
Microsoft Visual Studio Solution File, Format Version 12.00
# Visual Studio Version 16
VisualStudioVersion = 16.0.30711.63
MinimumVisualStudioVersion = 10.0.40219.1
Project("{FAE04EC0-301F-11D3-BF4B-00C04F79EFBC}") = "l2t5", "l2t5.csproj", "{0696D317-453D-43F4-A7B9-94EAD32DF11C}"
EndProject
Global
	GlobalSection(SolutionConfigurationPlatforms) = preSolution
		Debug|Any CPU = Debug|Any CPU
		Release|Any CPU = Release|Any CPU
	EndGlobalSection
	GlobalSection(ProjectConfigurationPlatforms) = postSolution
		{0696D317-453D-43F4-A7B9-94EAD32DF11C}.Debug|Any CPU.ActiveCfg = Debug|Any CPU
		{0696D317-453D-43F4-A7B9-94EAD32DF11C}.Debug|Any CPU.Build.0 = Debug|Any CPU
		{0696D317-453D-43F4-A7B9-94EAD32DF11C}.Release|Any CPU.ActiveCfg = Release|Any CPU
		{0696D317-453D-43F4-A7B9-94EAD32DF11C}.Release|Any CPU.Build.0 = Release|Any CPU
	EndGlobalSection
	GlobalSection(SolutionProperties) = preSolution
		HideSolutionNode = FALSE
	EndGlobalSection
	GlobalSection(ExtensibilityGlobals) = postSolution
		SolutionGuid = {299E9BD4-3235-42B0-8765-13A800A0FC96}
	EndGlobalSection
EndGlobal
